
Microsoft Visual Studio Solution File, Format Version 12.00
# Visual Studio 2012
Project("{FAE04EC0-301F-11D3-BF4B-00C04F79EFBC}") = "BlueskyTests", "Tests\BlueskyTests\BlueskyTests.csproj", "{8303B3B9-9DC6-466E-89B7-7337156449B8}"
EndProject
Project("{2150E333-8FDC-42A3-9474-1A3956D46DE8}") = "BlueskyTests", "BlueskyTests", "{0F66D8AA-523D-4F9A-9002-D36E4B933B90}"
EndProject
Project("{2150E333-8FDC-42A3-9474-1A3956D46DE8}") = "Samples", "Samples", "{08811DB0-03F0-4204-A1D9-0FB468322D08}"
EndProject
Project("{2150E333-8FDC-42A3-9474-1A3956D46DE8}") = "Builder", "Builder", "{79257DB3-6E06-4B4F-9B32-EA91AEC80885}"
EndProject
Project("{2150E333-8FDC-42A3-9474-1A3956D46DE8}") = "navigationTemplate", "navigationTemplate", "{54D9DC3C-4BE7-40AB-8BDE-997DC8990DB5}"
EndProject
Project("{FAE04EC0-301F-11D3-BF4B-00C04F79EFBC}") = "buildBluesky", "bluesky.js\builder\buildBluesky\buildBluesky.csproj", "{3F389AAB-BC93-4566-BFAA-ABDF54A35990}"
EndProject
Project("{2150E333-8FDC-42A3-9474-1A3956D46DE8}") = "bluesky.js Source", "bluesky.js Source", "{D8DD47BF-2402-4AC9-B069-8FFFC3E2DFBB}"
	ProjectSection(SolutionItems) = preProject
		bluesky.js\sourceFiles\blueskySettings.js = bluesky.js\sourceFiles\blueskySettings.js
		bluesky.js\sourceFiles\blueskyUtils.js = bluesky.js\sourceFiles\blueskyUtils.js
	EndProjectSection
EndProject
Project("{262852C6-CD72-467D-83FE-5EEB1973A190}") = "Win8Tests", "Tests\BlueskyTests\Win8Tests.jsproj", "{AB36E9BE-6E81-4385-8F28-FA6AAE0EDF5C}"
EndProject
Project("{2150E333-8FDC-42A3-9474-1A3956D46DE8}") = "Win8SDK", "Win8SDK", "{6A04C81D-820C-4102-B939-748813E8EFBF}"
	ProjectSection(SolutionItems) = preProject
		Samples\Win8SDK\sdkCommonStyles.css = Samples\Win8SDK\sdkCommonStyles.css
	EndProjectSection
EndProject
Project("{262852C6-CD72-467D-83FE-5EEB1973A190}") = "Controls_FlipView", "Samples\Win8SDK\flipView Sample\Controls_FlipView.jsproj", "{9EE3BA23-05BA-402A-A8B6-F3281C3F8B2C}"
EndProject
Project("{FAE04EC0-301F-11D3-BF4B-00C04F79EFBC}") = "WebApp", "Samples\Win8SDK\flipView Sample\WebApp.csproj", "{936EFDC2-98B0-4AF8-AEE7-9B469715C223}"
EndProject
Project("{2150E333-8FDC-42A3-9474-1A3956D46DE8}") = "flipView", "flipView", "{3298BF84-E4E0-4436-9107-4695C9FCC05A}"
EndProject
Project("{2150E333-8FDC-42A3-9474-1A3956D46DE8}") = "listViewTemplates", "listViewTemplates", "{34B1C474-3A06-4289-A0DC-523B97662F9E}"
EndProject
Project("{262852C6-CD72-467D-83FE-5EEB1973A190}") = "Controls_ListViewItemTemplating", "Samples\Win8SDK\listviewTemplates\Controls_ListViewItemTemplating.jsproj", "{0A5A0EB5-B3C9-4A83-86D7-1CDFD6BDF816}"
EndProject
Project("{FAE04EC0-301F-11D3-BF4B-00C04F79EFBC}") = "WebApp", "Samples\Win8SDK\listviewTemplates\WebApp.csproj", "{12CBF5AC-FCDC-4477-9050-946D81030324}"
EndProject
Project("{2150E333-8FDC-42A3-9474-1A3956D46DE8}") = "listViewBasic", "listViewBasic", "{011EC80B-5DA5-409E-94F8-8CEE7B905DF7}"
EndProject
Project("{2150E333-8FDC-42A3-9474-1A3956D46DE8}") = "listViewGrouping", "listViewGrouping", "{1EA06DC8-7251-4998-8020-789367EE7CC3}"
EndProject
Project("{262852C6-CD72-467D-83FE-5EEB1973A190}") = "Controls_ListViewBasic", "Samples\Win8SDK\listViewBasic\Controls_ListViewBasic.jsproj", "{2D3091D1-4342-4561-8A92-532B8B6EF28E}"
EndProject
Project("{FAE04EC0-301F-11D3-BF4B-00C04F79EFBC}") = "WebApp", "Samples\Win8SDK\listViewBasic\WebApp.csproj", "{2C7D80E1-B443-4B40-99CC-0FB36D178023}"
EndProject
Project("{262852C6-CD72-467D-83FE-5EEB1973A190}") = "Controls_GroupingandSemanticZoom", "Samples\Win8SDK\listViewGrouping\Controls_GroupingandSemanticZoom.jsproj", "{E03D5A86-2988-4C43-906D-9760BD1C6C40}"
EndProject
Project("{FAE04EC0-301F-11D3-BF4B-00C04F79EFBC}") = "WebApp", "Samples\Win8SDK\listViewGrouping\WebApp.csproj", "{FB814FCF-C27C-415E-ADFA-F5679B5D9DD2}"
EndProject
Project("{2150E333-8FDC-42A3-9474-1A3956D46DE8}") = "gridAppTemplate", "gridAppTemplate", "{0AF11018-2DA9-4251-AD13-8FE9B5306049}"
EndProject
Project("{2150E333-8FDC-42A3-9474-1A3956D46DE8}") = "VSTemplates", "VSTemplates", "{99FFAAA5-5C29-4D07-8FBD-6E95F438455D}"
EndProject
Project("{FAE04EC0-301F-11D3-BF4B-00C04F79EFBC}") = "WebApp", "Samples\VSTemplates\gridAppTemplate\WebApp.csproj", "{196866EA-B69C-4A30-B7D8-50EA9026F8F2}"
EndProject
Project("{262852C6-CD72-467D-83FE-5EEB1973A190}") = "gridAppTemplate", "Samples\VSTemplates\gridAppTemplate\gridAppTemplate.jsproj", "{BA7E15BE-ABAA-4634-B26A-647BD6D2D427}"
EndProject
Project("{262852C6-CD72-467D-83FE-5EEB1973A190}") = "navigationTemplate", "Samples\VSTemplates\navigationTemplate\navigationTemplate.jsproj", "{3C990735-DBA3-490A-8B74-D5CE2D459BEC}"
EndProject
Project("{FAE04EC0-301F-11D3-BF4B-00C04F79EFBC}") = "WebApp", "Samples\VSTemplates\navigationTemplate\WebApp.csproj", "{5BB1836E-5DBD-49A0-AF88-123EE93106B6}"
EndProject
Project("{2150E333-8FDC-42A3-9474-1A3956D46DE8}") = "listViewInteractionModel", "listViewInteractionModel", "{251FECA7-17D8-4BA3-BE58-338C42795638}"
EndProject
Project("{FAE04EC0-301F-11D3-BF4B-00C04F79EFBC}") = "WebApp", "Samples\Win8SDK\listViewInteractionModel\WebApp.csproj", "{ECC14E8A-5A13-43A5-952A-E8778C3305C4}"
EndProject
Project("{262852C6-CD72-467D-83FE-5EEB1973A190}") = "Controls_ListViewInteractionModel", "Samples\Win8SDK\listViewInteractionModel\Controls_ListViewInteractionModel.jsproj", "{722B08B5-69DC-4A27-AA55-1BE1ED592493}"
EndProject
Project("{2150E333-8FDC-42A3-9474-1A3956D46DE8}") = "sampleBrowser", "sampleBrowser", "{9E9B13D2-6AE3-4359-85B7-519AB6C8C45F}"
EndProject
Project("{FAE04EC0-301F-11D3-BF4B-00C04F79EFBC}") = "WebApp", "Samples\sampleBrowser\WebApp.csproj", "{76745FCB-5AF4-467A-AF2C-448DCA0D3DB6}"
EndProject
Project("{262852C6-CD72-467D-83FE-5EEB1973A190}") = "sampleBrowser", "Samples\sampleBrowser\sampleBrowser.jsproj", "{03D91EE4-9F85-421D-AF38-7F4B03CF3446}"
EndProject
Project("{262852C6-CD72-467D-83FE-5EEB1973A190}") = "StocksSample", "Samples\Win8SDK\stockSample\StocksSample.jsproj", "{53A00B4A-76C2-4435-8E79-9F07B002CA4D}"
EndProject
Project("{2150E333-8FDC-42A3-9474-1A3956D46DE8}") = "stockSample", "stockSample", "{FADD45CA-E61A-4C48-B101-641AFB2E21B0}"
EndProject
Project("{FAE04EC0-301F-11D3-BF4B-00C04F79EFBC}") = "WebApp", "Samples\Win8SDK\stockSample\WebApp.csproj", "{89B9FBC1-ECFC-4058-9A4B-7415A38CE7FE}"
EndProject
Project("{2150E333-8FDC-42A3-9474-1A3956D46DE8}") = "flyoutControl", "flyoutControl", "{93C24609-59B0-4824-B239-A7668887416E}"
EndProject
Project("{262852C6-CD72-467D-83FE-5EEB1973A190}") = "Controls_Flyout", "Samples\Win8SDK\flyoutControl\Controls_Flyout.jsproj", "{373B6FA1-D9A2-42E2-B9CC-D6D4BE0E36A5}"
EndProject
Project("{FAE04EC0-301F-11D3-BF4B-00C04F79EFBC}") = "WebApp", "Samples\Win8SDK\flyoutControl\WebApp.csproj", "{350EF1C7-2801-40FF-A314-64F166020856}"
EndProject
Project("{2150E333-8FDC-42A3-9474-1A3956D46DE8}") = "MessageDialog", "MessageDialog", "{3FFD648E-8BBA-42E9-B590-4A0F0EFA73C4}"
EndProject
Project("{262852C6-CD72-467D-83FE-5EEB1973A190}") = "MessageDialogSample", "Samples\Win8SDK\messageDialog\MessageDialogSample.jsproj", "{68EA1B7C-EE36-4502-8318-F9643EC11683}"
EndProject
Project("{FAE04EC0-301F-11D3-BF4B-00C04F79EFBC}") = "WebApp", "Samples\Win8SDK\messageDialog\WebApp.csproj", "{7335D766-A1F8-4F9C-9CFB-F423C23CD0F0}"
EndProject
Project("{2150E333-8FDC-42A3-9474-1A3956D46DE8}") = "WinJS.Binding", "WinJS.Binding", "{16ED6547-13E8-41E5-8373-EAE1C56E19B2}"
	ProjectSection(SolutionItems) = preProject
		bluesky.js\sourceFiles\WinJS.Binding.FilteredList.js = bluesky.js\sourceFiles\WinJS.Binding.FilteredList.js
		bluesky.js\sourceFiles\WinJS.Binding.GroupedList.js = bluesky.js\sourceFiles\WinJS.Binding.GroupedList.js
		bluesky.js\sourceFiles\WinJS.Binding.GroupsList.js = bluesky.js\sourceFiles\WinJS.Binding.GroupsList.js
		bluesky.js\sourceFiles\WinJS.Binding.List.js = bluesky.js\sourceFiles\WinJS.Binding.List.js
		bluesky.js\sourceFiles\WinJS.Binding.Template.js = bluesky.js\sourceFiles\WinJS.Binding.Template.js
		bluesky.js\sourceFiles\WinJS.Binding._ListBase.js = bluesky.js\sourceFiles\WinJS.Binding._ListBase.js
		bluesky.js\sourceFiles\WinJS.Binding._ListProjection.js = bluesky.js\sourceFiles\WinJS.Binding._ListProjection.js
		bluesky.js\sourceFiles\WinJS.Binding._ModifiableListBase.js = bluesky.js\sourceFiles\WinJS.Binding._ModifiableListBase.js
		bluesky.js\sourceFiles\WinJS.Binding.js = bluesky.js\sourceFiles\WinJS.Binding.js
	EndProjectSection
EndProject
Project("{2150E333-8FDC-42A3-9474-1A3956D46DE8}") = "Windows.UI", "Windows.UI", "{34B2A275-494E-411E-8B6C-27EB400D0780}"
	ProjectSection(SolutionItems) = preProject
		bluesky.js\sourceFiles\Windows.UI.Popups.MessageDialog.js = bluesky.js\sourceFiles\Windows.UI.Popups.MessageDialog.js
		bluesky.js\sourceFiles\Windows.UI.Popups.UICommand.js = bluesky.js\sourceFiles\Windows.UI.Popups.UICommand.js
		bluesky.js\sourceFiles\Windows.UI.WebUI.js = bluesky.js\sourceFiles\Windows.UI.WebUI.js
	EndProjectSection
EndProject
Project("{2150E333-8FDC-42A3-9474-1A3956D46DE8}") = "WinJS", "WinJS", "{39DD35FF-D7D5-4400-BDD2-F3E68CEBE3F6}"
	ProjectSection(SolutionItems) = preProject
		bluesky.js\sourceFiles\WinJS.Application.js = bluesky.js\sourceFiles\WinJS.Application.js
		bluesky.js\sourceFiles\WinJS.Navigation.js = bluesky.js\sourceFiles\WinJS.Navigation.js
		bluesky.js\sourceFiles\WinJS.Promise.js = bluesky.js\sourceFiles\WinJS.Promise.js
		bluesky.js\sourceFiles\WinJS.Resources.js = bluesky.js\sourceFiles\WinJS.Resources.js
		bluesky.js\sourceFiles\WinJS.Utilities.QueryCollection.js = bluesky.js\sourceFiles\WinJS.Utilities.QueryCollection.js
		bluesky.js\sourceFiles\WinJS.Utilities.js = bluesky.js\sourceFiles\WinJS.Utilities.js
		bluesky.js\sourceFiles\WinJS.js = bluesky.js\sourceFiles\WinJS.js
		bluesky.js\sourceFiles\WinJS.xhr.js = bluesky.js\sourceFiles\WinJS.xhr.js
		bluesky.js\sourceFiles\blueskyUtils.js = bluesky.js\sourceFiles\blueskyUtils.js
	EndProjectSection
EndProject
Project("{2150E333-8FDC-42A3-9474-1A3956D46DE8}") = "WinJS.UI", "WinJS.UI", "{1C6B59FD-D842-4CAB-86EC-E93E0E5DF67C}"
	ProjectSection(SolutionItems) = preProject
		bluesky.js\sourceFiles\WinJS.UI.Animation.js = bluesky.js\sourceFiles\WinJS.UI.Animation.js
		bluesky.js\sourceFiles\WinJS.UI.AppBar.js = bluesky.js\sourceFiles\WinJS.UI.AppBar.js
		bluesky.js\sourceFiles\WinJS.UI.AppBarCommand.js = bluesky.js\sourceFiles\WinJS.UI.AppBarCommand.js
		bluesky.js\sourceFiles\WinJS.UI.BaseControl.js = bluesky.js\sourceFiles\WinJS.UI.BaseControl.js
		bluesky.js\sourceFiles\WinJS.UI.DOMEventMixin.js = bluesky.js\sourceFiles\WinJS.UI.DOMEventMixin.js
		bluesky.js\sourceFiles\WinJS.UI.FlipView.js = bluesky.js\sourceFiles\WinJS.UI.FlipView.js
		bluesky.js\sourceFiles\WinJS.UI.Flyout.js = bluesky.js\sourceFiles\WinJS.UI.Flyout.js
		bluesky.js\sourceFiles\WinJS.UI.Fragments.js = bluesky.js\sourceFiles\WinJS.UI.Fragments.js
		bluesky.js\sourceFiles\WinJS.UI.GridLayout.js = bluesky.js\sourceFiles\WinJS.UI.GridLayout.js
		bluesky.js\sourceFiles\WinJS.UI.HtmlControl.js = bluesky.js\sourceFiles\WinJS.UI.HtmlControl.js
		bluesky.js\sourceFiles\WinJS.UI.IZoomableView.js = bluesky.js\sourceFiles\WinJS.UI.IZoomableView.js
		bluesky.js\sourceFiles\WinJS.UI.ListLayout.js = bluesky.js\sourceFiles\WinJS.UI.ListLayout.js
		bluesky.js\sourceFiles\WinJS.UI.ListView.js = bluesky.js\sourceFiles\WinJS.UI.ListView.js
		bluesky.js\sourceFiles\WinJS.UI.Pages.js = bluesky.js\sourceFiles\WinJS.UI.Pages.js
		bluesky.js\sourceFiles\WinJS.UI.Rating.js = bluesky.js\sourceFiles\WinJS.UI.Rating.js
		bluesky.js\sourceFiles\WinJS.UI.SemanticZoom.js = bluesky.js\sourceFiles\WinJS.UI.SemanticZoom.js
		bluesky.js\sourceFiles\WinJS.UI.js = bluesky.js\sourceFiles\WinJS.UI.js
	EndProjectSection
EndProject
Project("{2150E333-8FDC-42A3-9474-1A3956D46DE8}") = "Windows.Foundation", "Windows.Foundation", "{F85083EC-DFC6-4A09-B269-7A0312C5FF26}"
	ProjectSection(SolutionItems) = preProject
		bluesky.js\sourceFiles\Windows.Foundation.Collections.js = bluesky.js\sourceFiles\Windows.Foundation.Collections.js
		bluesky.js\sourceFiles\Windows.Foundation.js = bluesky.js\sourceFiles\Windows.Foundation.js
	EndProjectSection
EndProject
Project("{2150E333-8FDC-42A3-9474-1A3956D46DE8}") = "Windows", "Windows", "{C459C5CE-96FE-4353-BC80-CBE4A3EA8D6C}"
	ProjectSection(SolutionItems) = preProject
		bluesky.js\sourceFiles\Windows.Globalization.js = bluesky.js\sourceFiles\Windows.Globalization.js
		bluesky.js\sourceFiles\Windows.System.Launcher.js = bluesky.js\sourceFiles\Windows.System.Launcher.js
		bluesky.js\sourceFiles\Windows.js = bluesky.js\sourceFiles\Windows.js
	EndProjectSection
EndProject
Project("{2150E333-8FDC-42A3-9474-1A3956D46DE8}") = "fragmentsSample", "fragmentsSample", "{3B303998-2B0D-4DFD-A001-18DD5F300F07}"
EndProject
Project("{262852C6-CD72-467D-83FE-5EEB1973A190}") = "Fragments", "Samples\Win8SDK\fragmentsSample\Fragments.jsproj", "{B47803C7-203F-4E9B-AF34-9A1E14810703}"
EndProject
Project("{FAE04EC0-301F-11D3-BF4B-00C04F79EFBC}") = "WebApp", "Samples\Win8SDK\fragmentsSample\WebApp.csproj", "{D096A608-78F5-4457-B556-D42AE9161CA2}"
EndProject
Project("{2150E333-8FDC-42A3-9474-1A3956D46DE8}") = "appBar", "appBar", "{C544534E-00AA-441C-872B-AEBD4E1C64D3}"
EndProject
Project("{FAE04EC0-301F-11D3-BF4B-00C04F79EFBC}") = "WebApp", "Samples\Win8SDK\appBarSample\WebApp.csproj", "{47B9BC46-CD10-4C05-ACB3-2CC24393218E}"
EndProject
Project("{2150E333-8FDC-42A3-9474-1A3956D46DE8}") = "blogReaderSample", "blogReaderSample", "{7988F27B-02E3-4DF0-BFF8-120513841C6E}"
EndProject
Project("{FAE04EC0-301F-11D3-BF4B-00C04F79EFBC}") = "WebApp", "Samples\Win8SDK\blogReaderSample\WebApp.csproj", "{34C64490-06E8-4C7B-88E1-1BCB9CA45656}"
EndProject
Project("{262852C6-CD72-467D-83FE-5EEB1973A190}") = "WindowsBlogReader", "Samples\Win8SDK\blogReaderSample\WindowsBlogReader.jsproj", "{677C50C5-24EB-404E-A883-ED5529D72EF2}"
EndProject
Project("{2150E333-8FDC-42A3-9474-1A3956D46DE8}") = "fileAccess", "fileAccess", "{F62139C3-4A8F-4E8C-AEF9-90649A56B467}"
EndProject
Project("{2150E333-8FDC-42A3-9474-1A3956D46DE8}") = "folderEnumeration", "folderEnumeration", "{8CE2A43E-C3BB-42C4-A497-478221DE38E9}"
EndProject
Project("{262852C6-CD72-467D-83FE-5EEB1973A190}") = "FolderEnumerationSample", "Samples\Win8SDK\folderEnumeration\FolderEnumerationSample.jsproj", "{E7A8F8FF-062E-4A2D-B3D0-0EDA589C8352}"
EndProject
Project("{FAE04EC0-301F-11D3-BF4B-00C04F79EFBC}") = "WebApp", "Samples\Win8SDK\folderEnumeration\WebApp.csproj", "{EF68ECE6-89CA-40AC-ACF3-5C7F63627907}"
EndProject
Project("{262852C6-CD72-467D-83FE-5EEB1973A190}") = "FileAccess", "Samples\Win8SDK\fileAccess\FileAccess.jsproj", "{486A5009-C8BE-4DF1-86C6-CAA7B2249027}"
EndProject
Project("{FAE04EC0-301F-11D3-BF4B-00C04F79EFBC}") = "WebApp", "Samples\Win8SDK\fileAccess\WebApp.csproj", "{F328A58E-3066-432B-A77D-C7AB96399FBA}"
EndProject
Project("{262852C6-CD72-467D-83FE-5EEB1973A190}") = "Controls_AppBar", "Samples\Win8SDK\appBarSample\Controls_AppBar.jsproj", "{92850C78-648C-477B-8C1E-239B5FB1FD7C}"
EndProject
Project("{2150E333-8FDC-42A3-9474-1A3956D46DE8}") = "applicationData", "applicationData", "{9A3E2A6A-2E59-4C39-978D-70A6E9F28472}"
EndProject
Project("{262852C6-CD72-467D-83FE-5EEB1973A190}") = "ApplicationDataSample", "Samples\Win8SDK\applicationData\ApplicationDataSample.jsproj", "{306B2A40-7C78-41DB-B27B-72243D3B05D4}"
EndProject
Project("{FAE04EC0-301F-11D3-BF4B-00C04F79EFBC}") = "WebApp", "Samples\Win8SDK\applicationData\WebApp.csproj", "{791AE0FE-ED54-489B-AF6E-E0265188BF80}"
EndProject
Global
	GlobalSection(SolutionConfigurationPlatforms) = preSolution
		Debug|ARM = Debug|ARM
		Debug|Any CPU = Debug|Any CPU
		Debug|x64 = Debug|x64
		Debug|x86 = Debug|x86
		Release|ARM = Release|ARM
		Release|Any CPU = Release|Any CPU
		Release|x64 = Release|x64
		Release|x86 = Release|x86
	EndGlobalSection
	GlobalSection(ProjectConfigurationPlatforms) = postSolution
		{03D91EE4-9F85-421D-AF38-7F4B03CF3446}.Debug|ARM.ActiveCfg = Debug|ARM
		{03D91EE4-9F85-421D-AF38-7F4B03CF3446}.Debug|ARM.Build.0 = Debug|ARM
		{03D91EE4-9F85-421D-AF38-7F4B03CF3446}.Debug|ARM.Deploy.0 = Debug|ARM
		{03D91EE4-9F85-421D-AF38-7F4B03CF3446}.Debug|Any CPU.ActiveCfg = Debug|Any CPU
		{03D91EE4-9F85-421D-AF38-7F4B03CF3446}.Debug|Any CPU.Build.0 = Debug|Any CPU
		{03D91EE4-9F85-421D-AF38-7F4B03CF3446}.Debug|Any CPU.Deploy.0 = Debug|Any CPU
		{03D91EE4-9F85-421D-AF38-7F4B03CF3446}.Debug|x64.ActiveCfg = Debug|x64
		{03D91EE4-9F85-421D-AF38-7F4B03CF3446}.Debug|x64.Build.0 = Debug|x64
		{03D91EE4-9F85-421D-AF38-7F4B03CF3446}.Debug|x64.Deploy.0 = Debug|x64
		{03D91EE4-9F85-421D-AF38-7F4B03CF3446}.Debug|x86.ActiveCfg = Debug|x86
		{03D91EE4-9F85-421D-AF38-7F4B03CF3446}.Debug|x86.Build.0 = Debug|x86
		{03D91EE4-9F85-421D-AF38-7F4B03CF3446}.Debug|x86.Deploy.0 = Debug|x86
		{03D91EE4-9F85-421D-AF38-7F4B03CF3446}.Release|ARM.ActiveCfg = Release|ARM
		{03D91EE4-9F85-421D-AF38-7F4B03CF3446}.Release|ARM.Build.0 = Release|ARM
		{03D91EE4-9F85-421D-AF38-7F4B03CF3446}.Release|ARM.Deploy.0 = Release|ARM
		{03D91EE4-9F85-421D-AF38-7F4B03CF3446}.Release|Any CPU.ActiveCfg = Release|Any CPU
		{03D91EE4-9F85-421D-AF38-7F4B03CF3446}.Release|Any CPU.Build.0 = Release|Any CPU
		{03D91EE4-9F85-421D-AF38-7F4B03CF3446}.Release|Any CPU.Deploy.0 = Release|Any CPU
		{03D91EE4-9F85-421D-AF38-7F4B03CF3446}.Release|x64.ActiveCfg = Release|x64
		{03D91EE4-9F85-421D-AF38-7F4B03CF3446}.Release|x64.Build.0 = Release|x64
		{03D91EE4-9F85-421D-AF38-7F4B03CF3446}.Release|x64.Deploy.0 = Release|x64
		{03D91EE4-9F85-421D-AF38-7F4B03CF3446}.Release|x86.ActiveCfg = Release|x86
		{03D91EE4-9F85-421D-AF38-7F4B03CF3446}.Release|x86.Build.0 = Release|x86
		{03D91EE4-9F85-421D-AF38-7F4B03CF3446}.Release|x86.Deploy.0 = Release|x86
		{0A5A0EB5-B3C9-4A83-86D7-1CDFD6BDF816}.Debug|ARM.ActiveCfg = Debug|Any CPU
		{0A5A0EB5-B3C9-4A83-86D7-1CDFD6BDF816}.Debug|Any CPU.ActiveCfg = Debug|Any CPU
		{0A5A0EB5-B3C9-4A83-86D7-1CDFD6BDF816}.Debug|Any CPU.Build.0 = Debug|Any CPU
		{0A5A0EB5-B3C9-4A83-86D7-1CDFD6BDF816}.Debug|Any CPU.Deploy.0 = Debug|Any CPU
		{0A5A0EB5-B3C9-4A83-86D7-1CDFD6BDF816}.Debug|x64.ActiveCfg = Debug|Any CPU
		{0A5A0EB5-B3C9-4A83-86D7-1CDFD6BDF816}.Debug|x86.ActiveCfg = Debug|Any CPU
		{0A5A0EB5-B3C9-4A83-86D7-1CDFD6BDF816}.Release|ARM.ActiveCfg = Release|Any CPU
		{0A5A0EB5-B3C9-4A83-86D7-1CDFD6BDF816}.Release|Any CPU.ActiveCfg = Release|Any CPU
		{0A5A0EB5-B3C9-4A83-86D7-1CDFD6BDF816}.Release|Any CPU.Build.0 = Release|Any CPU
		{0A5A0EB5-B3C9-4A83-86D7-1CDFD6BDF816}.Release|Any CPU.Deploy.0 = Release|Any CPU
		{0A5A0EB5-B3C9-4A83-86D7-1CDFD6BDF816}.Release|x64.ActiveCfg = Release|Any CPU
		{0A5A0EB5-B3C9-4A83-86D7-1CDFD6BDF816}.Release|x86.ActiveCfg = Release|Any CPU
		{12CBF5AC-FCDC-4477-9050-946D81030324}.Debug|ARM.ActiveCfg = Debug|Any CPU
		{12CBF5AC-FCDC-4477-9050-946D81030324}.Debug|Any CPU.ActiveCfg = Debug|Any CPU
		{12CBF5AC-FCDC-4477-9050-946D81030324}.Debug|Any CPU.Build.0 = Debug|Any CPU
		{12CBF5AC-FCDC-4477-9050-946D81030324}.Debug|x64.ActiveCfg = Debug|Any CPU
		{12CBF5AC-FCDC-4477-9050-946D81030324}.Debug|x86.ActiveCfg = Debug|Any CPU
		{12CBF5AC-FCDC-4477-9050-946D81030324}.Release|ARM.ActiveCfg = Release|Any CPU
		{12CBF5AC-FCDC-4477-9050-946D81030324}.Release|Any CPU.ActiveCfg = Release|Any CPU
		{12CBF5AC-FCDC-4477-9050-946D81030324}.Release|Any CPU.Build.0 = Release|Any CPU
		{12CBF5AC-FCDC-4477-9050-946D81030324}.Release|x64.ActiveCfg = Release|Any CPU
		{12CBF5AC-FCDC-4477-9050-946D81030324}.Release|x86.ActiveCfg = Release|Any CPU
		{196866EA-B69C-4A30-B7D8-50EA9026F8F2}.Debug|ARM.ActiveCfg = Debug|Any CPU
		{196866EA-B69C-4A30-B7D8-50EA9026F8F2}.Debug|Any CPU.ActiveCfg = Debug|Any CPU
		{196866EA-B69C-4A30-B7D8-50EA9026F8F2}.Debug|Any CPU.Build.0 = Debug|Any CPU
		{196866EA-B69C-4A30-B7D8-50EA9026F8F2}.Debug|x64.ActiveCfg = Debug|Any CPU
		{196866EA-B69C-4A30-B7D8-50EA9026F8F2}.Debug|x86.ActiveCfg = Debug|Any CPU
		{196866EA-B69C-4A30-B7D8-50EA9026F8F2}.Release|ARM.ActiveCfg = Release|Any CPU
		{196866EA-B69C-4A30-B7D8-50EA9026F8F2}.Release|Any CPU.ActiveCfg = Release|Any CPU
		{196866EA-B69C-4A30-B7D8-50EA9026F8F2}.Release|Any CPU.Build.0 = Release|Any CPU
		{196866EA-B69C-4A30-B7D8-50EA9026F8F2}.Release|x64.ActiveCfg = Release|Any CPU
		{196866EA-B69C-4A30-B7D8-50EA9026F8F2}.Release|x86.ActiveCfg = Release|Any CPU
		{2C7D80E1-B443-4B40-99CC-0FB36D178023}.Debug|ARM.ActiveCfg = Debug|Any CPU
		{2C7D80E1-B443-4B40-99CC-0FB36D178023}.Debug|Any CPU.ActiveCfg = Debug|Any CPU
		{2C7D80E1-B443-4B40-99CC-0FB36D178023}.Debug|Any CPU.Build.0 = Debug|Any CPU
		{2C7D80E1-B443-4B40-99CC-0FB36D178023}.Debug|x64.ActiveCfg = Debug|Any CPU
		{2C7D80E1-B443-4B40-99CC-0FB36D178023}.Debug|x86.ActiveCfg = Debug|Any CPU
		{2C7D80E1-B443-4B40-99CC-0FB36D178023}.Release|ARM.ActiveCfg = Release|Any CPU
		{2C7D80E1-B443-4B40-99CC-0FB36D178023}.Release|Any CPU.ActiveCfg = Release|Any CPU
		{2C7D80E1-B443-4B40-99CC-0FB36D178023}.Release|Any CPU.Build.0 = Release|Any CPU
		{2C7D80E1-B443-4B40-99CC-0FB36D178023}.Release|x64.ActiveCfg = Release|Any CPU
		{2C7D80E1-B443-4B40-99CC-0FB36D178023}.Release|x86.ActiveCfg = Release|Any CPU
		{2D3091D1-4342-4561-8A92-532B8B6EF28E}.Debug|ARM.ActiveCfg = Debug|Any CPU
		{2D3091D1-4342-4561-8A92-532B8B6EF28E}.Debug|Any CPU.ActiveCfg = Debug|Any CPU
		{2D3091D1-4342-4561-8A92-532B8B6EF28E}.Debug|Any CPU.Build.0 = Debug|Any CPU
		{2D3091D1-4342-4561-8A92-532B8B6EF28E}.Debug|Any CPU.Deploy.0 = Debug|Any CPU
		{2D3091D1-4342-4561-8A92-532B8B6EF28E}.Debug|x64.ActiveCfg = Debug|Any CPU
		{2D3091D1-4342-4561-8A92-532B8B6EF28E}.Debug|x86.ActiveCfg = Debug|Any CPU
		{2D3091D1-4342-4561-8A92-532B8B6EF28E}.Release|ARM.ActiveCfg = Release|Any CPU
		{2D3091D1-4342-4561-8A92-532B8B6EF28E}.Release|Any CPU.ActiveCfg = Release|Any CPU
		{2D3091D1-4342-4561-8A92-532B8B6EF28E}.Release|Any CPU.Build.0 = Release|Any CPU
		{2D3091D1-4342-4561-8A92-532B8B6EF28E}.Release|Any CPU.Deploy.0 = Release|Any CPU
		{2D3091D1-4342-4561-8A92-532B8B6EF28E}.Release|x64.ActiveCfg = Release|Any CPU
		{2D3091D1-4342-4561-8A92-532B8B6EF28E}.Release|x86.ActiveCfg = Release|Any CPU
		{306B2A40-7C78-41DB-B27B-72243D3B05D4}.Debug|ARM.ActiveCfg = Debug|Any CPU
		{306B2A40-7C78-41DB-B27B-72243D3B05D4}.Debug|Any CPU.ActiveCfg = Debug|Any CPU
		{306B2A40-7C78-41DB-B27B-72243D3B05D4}.Debug|Any CPU.Build.0 = Debug|Any CPU
		{306B2A40-7C78-41DB-B27B-72243D3B05D4}.Debug|Any CPU.Deploy.0 = Debug|Any CPU
		{306B2A40-7C78-41DB-B27B-72243D3B05D4}.Debug|x64.ActiveCfg = Debug|Any CPU
		{306B2A40-7C78-41DB-B27B-72243D3B05D4}.Debug|x86.ActiveCfg = Debug|Any CPU
		{306B2A40-7C78-41DB-B27B-72243D3B05D4}.Release|ARM.ActiveCfg = Release|Any CPU
		{306B2A40-7C78-41DB-B27B-72243D3B05D4}.Release|Any CPU.ActiveCfg = Release|Any CPU
		{306B2A40-7C78-41DB-B27B-72243D3B05D4}.Release|Any CPU.Build.0 = Release|Any CPU
		{306B2A40-7C78-41DB-B27B-72243D3B05D4}.Release|Any CPU.Deploy.0 = Release|Any CPU
		{306B2A40-7C78-41DB-B27B-72243D3B05D4}.Release|x64.ActiveCfg = Release|Any CPU
		{306B2A40-7C78-41DB-B27B-72243D3B05D4}.Release|x86.ActiveCfg = Release|Any CPU
		{34C64490-06E8-4C7B-88E1-1BCB9CA45656}.Debug|ARM.ActiveCfg = Debug|Any CPU
		{34C64490-06E8-4C7B-88E1-1BCB9CA45656}.Debug|Any CPU.ActiveCfg = Debug|Any CPU
		{34C64490-06E8-4C7B-88E1-1BCB9CA45656}.Debug|Any CPU.Build.0 = Debug|Any CPU
		{34C64490-06E8-4C7B-88E1-1BCB9CA45656}.Debug|x64.ActiveCfg = Debug|Any CPU
		{34C64490-06E8-4C7B-88E1-1BCB9CA45656}.Debug|x86.ActiveCfg = Debug|Any CPU
		{34C64490-06E8-4C7B-88E1-1BCB9CA45656}.Release|ARM.ActiveCfg = Release|Any CPU
		{34C64490-06E8-4C7B-88E1-1BCB9CA45656}.Release|Any CPU.ActiveCfg = Release|Any CPU
		{34C64490-06E8-4C7B-88E1-1BCB9CA45656}.Release|Any CPU.Build.0 = Release|Any CPU
		{34C64490-06E8-4C7B-88E1-1BCB9CA45656}.Release|x64.ActiveCfg = Release|Any CPU
		{34C64490-06E8-4C7B-88E1-1BCB9CA45656}.Release|x86.ActiveCfg = Release|Any CPU
		{350EF1C7-2801-40FF-A314-64F166020856}.Debug|ARM.ActiveCfg = Debug|Any CPU
		{350EF1C7-2801-40FF-A314-64F166020856}.Debug|Any CPU.ActiveCfg = Debug|Any CPU
		{350EF1C7-2801-40FF-A314-64F166020856}.Debug|Any CPU.Build.0 = Debug|Any CPU
		{350EF1C7-2801-40FF-A314-64F166020856}.Debug|x64.ActiveCfg = Debug|Any CPU
		{350EF1C7-2801-40FF-A314-64F166020856}.Debug|x86.ActiveCfg = Debug|Any CPU
		{350EF1C7-2801-40FF-A314-64F166020856}.Release|ARM.ActiveCfg = Release|Any CPU
		{350EF1C7-2801-40FF-A314-64F166020856}.Release|Any CPU.ActiveCfg = Release|Any CPU
		{350EF1C7-2801-40FF-A314-64F166020856}.Release|Any CPU.Build.0 = Release|Any CPU
		{350EF1C7-2801-40FF-A314-64F166020856}.Release|x64.ActiveCfg = Release|Any CPU
		{350EF1C7-2801-40FF-A314-64F166020856}.Release|x86.ActiveCfg = Release|Any CPU
		{373B6FA1-D9A2-42E2-B9CC-D6D4BE0E36A5}.Debug|ARM.ActiveCfg = Debug|Any CPU
		{373B6FA1-D9A2-42E2-B9CC-D6D4BE0E36A5}.Debug|Any CPU.ActiveCfg = Debug|Any CPU
		{373B6FA1-D9A2-42E2-B9CC-D6D4BE0E36A5}.Debug|Any CPU.Build.0 = Debug|Any CPU
		{373B6FA1-D9A2-42E2-B9CC-D6D4BE0E36A5}.Debug|Any CPU.Deploy.0 = Debug|Any CPU
		{373B6FA1-D9A2-42E2-B9CC-D6D4BE0E36A5}.Debug|x64.ActiveCfg = Debug|Any CPU
		{373B6FA1-D9A2-42E2-B9CC-D6D4BE0E36A5}.Debug|x86.ActiveCfg = Debug|Any CPU
		{373B6FA1-D9A2-42E2-B9CC-D6D4BE0E36A5}.Release|ARM.ActiveCfg = Release|Any CPU
		{373B6FA1-D9A2-42E2-B9CC-D6D4BE0E36A5}.Release|Any CPU.ActiveCfg = Release|Any CPU
		{373B6FA1-D9A2-42E2-B9CC-D6D4BE0E36A5}.Release|Any CPU.Build.0 = Release|Any CPU
		{373B6FA1-D9A2-42E2-B9CC-D6D4BE0E36A5}.Release|Any CPU.Deploy.0 = Release|Any CPU
		{373B6FA1-D9A2-42E2-B9CC-D6D4BE0E36A5}.Release|x64.ActiveCfg = Release|Any CPU
		{373B6FA1-D9A2-42E2-B9CC-D6D4BE0E36A5}.Release|x86.ActiveCfg = Release|Any CPU
		{3C990735-DBA3-490A-8B74-D5CE2D459BEC}.Debug|ARM.ActiveCfg = Debug|ARM
		{3C990735-DBA3-490A-8B74-D5CE2D459BEC}.Debug|ARM.Build.0 = Debug|ARM
		{3C990735-DBA3-490A-8B74-D5CE2D459BEC}.Debug|ARM.Deploy.0 = Debug|ARM
		{3C990735-DBA3-490A-8B74-D5CE2D459BEC}.Debug|Any CPU.ActiveCfg = Debug|Any CPU
		{3C990735-DBA3-490A-8B74-D5CE2D459BEC}.Debug|Any CPU.Build.0 = Debug|Any CPU
		{3C990735-DBA3-490A-8B74-D5CE2D459BEC}.Debug|Any CPU.Deploy.0 = Debug|Any CPU
		{3C990735-DBA3-490A-8B74-D5CE2D459BEC}.Debug|x64.ActiveCfg = Debug|x64
		{3C990735-DBA3-490A-8B74-D5CE2D459BEC}.Debug|x64.Build.0 = Debug|x64
		{3C990735-DBA3-490A-8B74-D5CE2D459BEC}.Debug|x64.Deploy.0 = Debug|x64
		{3C990735-DBA3-490A-8B74-D5CE2D459BEC}.Debug|x86.ActiveCfg = Debug|x86
		{3C990735-DBA3-490A-8B74-D5CE2D459BEC}.Debug|x86.Build.0 = Debug|x86
		{3C990735-DBA3-490A-8B74-D5CE2D459BEC}.Debug|x86.Deploy.0 = Debug|x86
		{3C990735-DBA3-490A-8B74-D5CE2D459BEC}.Release|ARM.ActiveCfg = Release|ARM
		{3C990735-DBA3-490A-8B74-D5CE2D459BEC}.Release|ARM.Build.0 = Release|ARM
		{3C990735-DBA3-490A-8B74-D5CE2D459BEC}.Release|ARM.Deploy.0 = Release|ARM
		{3C990735-DBA3-490A-8B74-D5CE2D459BEC}.Release|Any CPU.ActiveCfg = Release|Any CPU
		{3C990735-DBA3-490A-8B74-D5CE2D459BEC}.Release|Any CPU.Build.0 = Release|Any CPU
		{3C990735-DBA3-490A-8B74-D5CE2D459BEC}.Release|Any CPU.Deploy.0 = Release|Any CPU
		{3C990735-DBA3-490A-8B74-D5CE2D459BEC}.Release|x64.ActiveCfg = Release|x64
		{3C990735-DBA3-490A-8B74-D5CE2D459BEC}.Release|x64.Build.0 = Release|x64
		{3C990735-DBA3-490A-8B74-D5CE2D459BEC}.Release|x64.Deploy.0 = Release|x64
		{3C990735-DBA3-490A-8B74-D5CE2D459BEC}.Release|x86.ActiveCfg = Release|x86
		{3C990735-DBA3-490A-8B74-D5CE2D459BEC}.Release|x86.Build.0 = Release|x86
		{3C990735-DBA3-490A-8B74-D5CE2D459BEC}.Release|x86.Deploy.0 = Release|x86
		{3F389AAB-BC93-4566-BFAA-ABDF54A35990}.Debug|ARM.ActiveCfg = Debug|Any CPU
		{3F389AAB-BC93-4566-BFAA-ABDF54A35990}.Debug|Any CPU.ActiveCfg = Debug|Any CPU
		{3F389AAB-BC93-4566-BFAA-ABDF54A35990}.Debug|Any CPU.Build.0 = Debug|Any CPU
		{3F389AAB-BC93-4566-BFAA-ABDF54A35990}.Debug|x64.ActiveCfg = Debug|Any CPU
		{3F389AAB-BC93-4566-BFAA-ABDF54A35990}.Debug|x86.ActiveCfg = Debug|Any CPU
		{3F389AAB-BC93-4566-BFAA-ABDF54A35990}.Release|ARM.ActiveCfg = Release|Any CPU
		{3F389AAB-BC93-4566-BFAA-ABDF54A35990}.Release|Any CPU.ActiveCfg = Release|Any CPU
		{3F389AAB-BC93-4566-BFAA-ABDF54A35990}.Release|Any CPU.Build.0 = Release|Any CPU
		{3F389AAB-BC93-4566-BFAA-ABDF54A35990}.Release|x64.ActiveCfg = Release|Any CPU
		{3F389AAB-BC93-4566-BFAA-ABDF54A35990}.Release|x86.ActiveCfg = Release|Any CPU
		{47B9BC46-CD10-4C05-ACB3-2CC24393218E}.Debug|ARM.ActiveCfg = Debug|Any CPU
		{47B9BC46-CD10-4C05-ACB3-2CC24393218E}.Debug|Any CPU.ActiveCfg = Debug|Any CPU
		{47B9BC46-CD10-4C05-ACB3-2CC24393218E}.Debug|Any CPU.Build.0 = Debug|Any CPU
		{47B9BC46-CD10-4C05-ACB3-2CC24393218E}.Debug|x64.ActiveCfg = Debug|Any CPU
		{47B9BC46-CD10-4C05-ACB3-2CC24393218E}.Debug|x86.ActiveCfg = Debug|Any CPU
		{47B9BC46-CD10-4C05-ACB3-2CC24393218E}.Release|ARM.ActiveCfg = Release|Any CPU
		{47B9BC46-CD10-4C05-ACB3-2CC24393218E}.Release|Any CPU.ActiveCfg = Release|Any CPU
		{47B9BC46-CD10-4C05-ACB3-2CC24393218E}.Release|Any CPU.Build.0 = Release|Any CPU
		{47B9BC46-CD10-4C05-ACB3-2CC24393218E}.Release|x64.ActiveCfg = Release|Any CPU
		{47B9BC46-CD10-4C05-ACB3-2CC24393218E}.Release|x86.ActiveCfg = Release|Any CPU
		{486A5009-C8BE-4DF1-86C6-CAA7B2249027}.Debug|ARM.ActiveCfg = Debug|Any CPU
		{486A5009-C8BE-4DF1-86C6-CAA7B2249027}.Debug|Any CPU.ActiveCfg = Debug|Any CPU
		{486A5009-C8BE-4DF1-86C6-CAA7B2249027}.Debug|Any CPU.Build.0 = Debug|Any CPU
		{486A5009-C8BE-4DF1-86C6-CAA7B2249027}.Debug|Any CPU.Deploy.0 = Debug|Any CPU
		{486A5009-C8BE-4DF1-86C6-CAA7B2249027}.Debug|x64.ActiveCfg = Debug|Any CPU
		{486A5009-C8BE-4DF1-86C6-CAA7B2249027}.Debug|x86.ActiveCfg = Debug|Any CPU
		{486A5009-C8BE-4DF1-86C6-CAA7B2249027}.Release|ARM.ActiveCfg = Release|Any CPU
		{486A5009-C8BE-4DF1-86C6-CAA7B2249027}.Release|Any CPU.ActiveCfg = Release|Any CPU
		{486A5009-C8BE-4DF1-86C6-CAA7B2249027}.Release|Any CPU.Build.0 = Release|Any CPU
		{486A5009-C8BE-4DF1-86C6-CAA7B2249027}.Release|Any CPU.Deploy.0 = Release|Any CPU
		{486A5009-C8BE-4DF1-86C6-CAA7B2249027}.Release|x64.ActiveCfg = Release|Any CPU
		{486A5009-C8BE-4DF1-86C6-CAA7B2249027}.Release|x86.ActiveCfg = Release|Any CPU
		{53A00B4A-76C2-4435-8E79-9F07B002CA4D}.Debug|ARM.ActiveCfg = Debug|ARM
		{53A00B4A-76C2-4435-8E79-9F07B002CA4D}.Debug|ARM.Build.0 = Debug|ARM
		{53A00B4A-76C2-4435-8E79-9F07B002CA4D}.Debug|ARM.Deploy.0 = Debug|ARM
		{53A00B4A-76C2-4435-8E79-9F07B002CA4D}.Debug|Any CPU.ActiveCfg = Debug|Any CPU
		{53A00B4A-76C2-4435-8E79-9F07B002CA4D}.Debug|Any CPU.Build.0 = Debug|Any CPU
		{53A00B4A-76C2-4435-8E79-9F07B002CA4D}.Debug|Any CPU.Deploy.0 = Debug|Any CPU
		{53A00B4A-76C2-4435-8E79-9F07B002CA4D}.Debug|x64.ActiveCfg = Debug|x64
		{53A00B4A-76C2-4435-8E79-9F07B002CA4D}.Debug|x64.Build.0 = Debug|x64
		{53A00B4A-76C2-4435-8E79-9F07B002CA4D}.Debug|x64.Deploy.0 = Debug|x64
		{53A00B4A-76C2-4435-8E79-9F07B002CA4D}.Debug|x86.ActiveCfg = Debug|x86
		{53A00B4A-76C2-4435-8E79-9F07B002CA4D}.Debug|x86.Build.0 = Debug|x86
		{53A00B4A-76C2-4435-8E79-9F07B002CA4D}.Debug|x86.Deploy.0 = Debug|x86
		{53A00B4A-76C2-4435-8E79-9F07B002CA4D}.Release|ARM.ActiveCfg = Release|ARM
		{53A00B4A-76C2-4435-8E79-9F07B002CA4D}.Release|ARM.Build.0 = Release|ARM
		{53A00B4A-76C2-4435-8E79-9F07B002CA4D}.Release|ARM.Deploy.0 = Release|ARM
		{53A00B4A-76C2-4435-8E79-9F07B002CA4D}.Release|Any CPU.ActiveCfg = Release|Any CPU
		{53A00B4A-76C2-4435-8E79-9F07B002CA4D}.Release|Any CPU.Build.0 = Release|Any CPU
		{53A00B4A-76C2-4435-8E79-9F07B002CA4D}.Release|Any CPU.Deploy.0 = Release|Any CPU
		{53A00B4A-76C2-4435-8E79-9F07B002CA4D}.Release|x64.ActiveCfg = Release|x64
		{53A00B4A-76C2-4435-8E79-9F07B002CA4D}.Release|x64.Build.0 = Release|x64
		{53A00B4A-76C2-4435-8E79-9F07B002CA4D}.Release|x64.Deploy.0 = Release|x64
		{53A00B4A-76C2-4435-8E79-9F07B002CA4D}.Release|x86.ActiveCfg = Release|x86
		{53A00B4A-76C2-4435-8E79-9F07B002CA4D}.Release|x86.Build.0 = Release|x86
		{53A00B4A-76C2-4435-8E79-9F07B002CA4D}.Release|x86.Deploy.0 = Release|x86
		{5BB1836E-5DBD-49A0-AF88-123EE93106B6}.Debug|ARM.ActiveCfg = Debug|Any CPU
		{5BB1836E-5DBD-49A0-AF88-123EE93106B6}.Debug|Any CPU.ActiveCfg = Debug|Any CPU
		{5BB1836E-5DBD-49A0-AF88-123EE93106B6}.Debug|Any CPU.Build.0 = Debug|Any CPU
		{5BB1836E-5DBD-49A0-AF88-123EE93106B6}.Debug|x64.ActiveCfg = Debug|Any CPU
		{5BB1836E-5DBD-49A0-AF88-123EE93106B6}.Debug|x86.ActiveCfg = Debug|Any CPU
		{5BB1836E-5DBD-49A0-AF88-123EE93106B6}.Release|ARM.ActiveCfg = Release|Any CPU
		{5BB1836E-5DBD-49A0-AF88-123EE93106B6}.Release|Any CPU.ActiveCfg = Release|Any CPU
		{5BB1836E-5DBD-49A0-AF88-123EE93106B6}.Release|Any CPU.Build.0 = Release|Any CPU
		{5BB1836E-5DBD-49A0-AF88-123EE93106B6}.Release|x64.ActiveCfg = Release|Any CPU
		{5BB1836E-5DBD-49A0-AF88-123EE93106B6}.Release|x86.ActiveCfg = Release|Any CPU
		{677C50C5-24EB-404E-A883-ED5529D72EF2}.Debug|ARM.ActiveCfg = Debug|ARM
		{677C50C5-24EB-404E-A883-ED5529D72EF2}.Debug|ARM.Build.0 = Debug|ARM
		{677C50C5-24EB-404E-A883-ED5529D72EF2}.Debug|ARM.Deploy.0 = Debug|ARM
		{677C50C5-24EB-404E-A883-ED5529D72EF2}.Debug|Any CPU.ActiveCfg = Debug|Any CPU
		{677C50C5-24EB-404E-A883-ED5529D72EF2}.Debug|Any CPU.Build.0 = Debug|Any CPU
		{677C50C5-24EB-404E-A883-ED5529D72EF2}.Debug|Any CPU.Deploy.0 = Debug|Any CPU
		{677C50C5-24EB-404E-A883-ED5529D72EF2}.Debug|x64.ActiveCfg = Debug|x64
		{677C50C5-24EB-404E-A883-ED5529D72EF2}.Debug|x64.Build.0 = Debug|x64
		{677C50C5-24EB-404E-A883-ED5529D72EF2}.Debug|x64.Deploy.0 = Debug|x64
		{677C50C5-24EB-404E-A883-ED5529D72EF2}.Debug|x86.ActiveCfg = Debug|x86
		{677C50C5-24EB-404E-A883-ED5529D72EF2}.Debug|x86.Build.0 = Debug|x86
		{677C50C5-24EB-404E-A883-ED5529D72EF2}.Debug|x86.Deploy.0 = Debug|x86
		{677C50C5-24EB-404E-A883-ED5529D72EF2}.Release|ARM.ActiveCfg = Release|ARM
		{677C50C5-24EB-404E-A883-ED5529D72EF2}.Release|ARM.Build.0 = Release|ARM
		{677C50C5-24EB-404E-A883-ED5529D72EF2}.Release|ARM.Deploy.0 = Release|ARM
		{677C50C5-24EB-404E-A883-ED5529D72EF2}.Release|Any CPU.ActiveCfg = Release|Any CPU
		{677C50C5-24EB-404E-A883-ED5529D72EF2}.Release|Any CPU.Build.0 = Release|Any CPU
		{677C50C5-24EB-404E-A883-ED5529D72EF2}.Release|Any CPU.Deploy.0 = Release|Any CPU
		{677C50C5-24EB-404E-A883-ED5529D72EF2}.Release|x64.ActiveCfg = Release|x64
		{677C50C5-24EB-404E-A883-ED5529D72EF2}.Release|x64.Build.0 = Release|x64
		{677C50C5-24EB-404E-A883-ED5529D72EF2}.Release|x64.Deploy.0 = Release|x64
		{677C50C5-24EB-404E-A883-ED5529D72EF2}.Release|x86.ActiveCfg = Release|x86
		{677C50C5-24EB-404E-A883-ED5529D72EF2}.Release|x86.Build.0 = Release|x86
		{677C50C5-24EB-404E-A883-ED5529D72EF2}.Release|x86.Deploy.0 = Release|x86
		{68EA1B7C-EE36-4502-8318-F9643EC11683}.Debug|ARM.ActiveCfg = Debug|Any CPU
		{68EA1B7C-EE36-4502-8318-F9643EC11683}.Debug|Any CPU.ActiveCfg = Debug|Any CPU
		{68EA1B7C-EE36-4502-8318-F9643EC11683}.Debug|Any CPU.Build.0 = Debug|Any CPU
		{68EA1B7C-EE36-4502-8318-F9643EC11683}.Debug|Any CPU.Deploy.0 = Debug|Any CPU
		{68EA1B7C-EE36-4502-8318-F9643EC11683}.Debug|x64.ActiveCfg = Debug|Any CPU
		{68EA1B7C-EE36-4502-8318-F9643EC11683}.Debug|x86.ActiveCfg = Debug|Any CPU
		{68EA1B7C-EE36-4502-8318-F9643EC11683}.Release|ARM.ActiveCfg = Release|Any CPU
		{68EA1B7C-EE36-4502-8318-F9643EC11683}.Release|Any CPU.ActiveCfg = Release|Any CPU
		{68EA1B7C-EE36-4502-8318-F9643EC11683}.Release|Any CPU.Build.0 = Release|Any CPU
		{68EA1B7C-EE36-4502-8318-F9643EC11683}.Release|Any CPU.Deploy.0 = Release|Any CPU
		{68EA1B7C-EE36-4502-8318-F9643EC11683}.Release|x64.ActiveCfg = Release|Any CPU
		{68EA1B7C-EE36-4502-8318-F9643EC11683}.Release|x86.ActiveCfg = Release|Any CPU
		{722B08B5-69DC-4A27-AA55-1BE1ED592493}.Debug|ARM.ActiveCfg = Debug|Any CPU
		{722B08B5-69DC-4A27-AA55-1BE1ED592493}.Debug|Any CPU.ActiveCfg = Debug|Any CPU
		{722B08B5-69DC-4A27-AA55-1BE1ED592493}.Debug|Any CPU.Build.0 = Debug|Any CPU
		{722B08B5-69DC-4A27-AA55-1BE1ED592493}.Debug|Any CPU.Deploy.0 = Debug|Any CPU
		{722B08B5-69DC-4A27-AA55-1BE1ED592493}.Debug|x64.ActiveCfg = Debug|Any CPU
		{722B08B5-69DC-4A27-AA55-1BE1ED592493}.Debug|x86.ActiveCfg = Debug|Any CPU
		{722B08B5-69DC-4A27-AA55-1BE1ED592493}.Release|ARM.ActiveCfg = Release|Any CPU
		{722B08B5-69DC-4A27-AA55-1BE1ED592493}.Release|Any CPU.ActiveCfg = Release|Any CPU
		{722B08B5-69DC-4A27-AA55-1BE1ED592493}.Release|Any CPU.Build.0 = Release|Any CPU
		{722B08B5-69DC-4A27-AA55-1BE1ED592493}.Release|Any CPU.Deploy.0 = Release|Any CPU
		{722B08B5-69DC-4A27-AA55-1BE1ED592493}.Release|x64.ActiveCfg = Release|Any CPU
		{722B08B5-69DC-4A27-AA55-1BE1ED592493}.Release|x86.ActiveCfg = Release|Any CPU
		{7335D766-A1F8-4F9C-9CFB-F423C23CD0F0}.Debug|ARM.ActiveCfg = Debug|Any CPU
		{7335D766-A1F8-4F9C-9CFB-F423C23CD0F0}.Debug|Any CPU.ActiveCfg = Debug|Any CPU
		{7335D766-A1F8-4F9C-9CFB-F423C23CD0F0}.Debug|Any CPU.Build.0 = Debug|Any CPU
		{7335D766-A1F8-4F9C-9CFB-F423C23CD0F0}.Debug|x64.ActiveCfg = Debug|Any CPU
		{7335D766-A1F8-4F9C-9CFB-F423C23CD0F0}.Debug|x86.ActiveCfg = Debug|Any CPU
		{7335D766-A1F8-4F9C-9CFB-F423C23CD0F0}.Release|ARM.ActiveCfg = Release|Any CPU
		{7335D766-A1F8-4F9C-9CFB-F423C23CD0F0}.Release|Any CPU.ActiveCfg = Release|Any CPU
		{7335D766-A1F8-4F9C-9CFB-F423C23CD0F0}.Release|Any CPU.Build.0 = Release|Any CPU
		{7335D766-A1F8-4F9C-9CFB-F423C23CD0F0}.Release|x64.ActiveCfg = Release|Any CPU
		{7335D766-A1F8-4F9C-9CFB-F423C23CD0F0}.Release|x86.ActiveCfg = Release|Any CPU
		{76745FCB-5AF4-467A-AF2C-448DCA0D3DB6}.Debug|ARM.ActiveCfg = Debug|Any CPU
		{76745FCB-5AF4-467A-AF2C-448DCA0D3DB6}.Debug|Any CPU.ActiveCfg = Debug|Any CPU
		{76745FCB-5AF4-467A-AF2C-448DCA0D3DB6}.Debug|Any CPU.Build.0 = Debug|Any CPU
		{76745FCB-5AF4-467A-AF2C-448DCA0D3DB6}.Debug|x64.ActiveCfg = Debug|Any CPU
		{76745FCB-5AF4-467A-AF2C-448DCA0D3DB6}.Debug|x86.ActiveCfg = Debug|Any CPU
		{76745FCB-5AF4-467A-AF2C-448DCA0D3DB6}.Release|ARM.ActiveCfg = Release|Any CPU
		{76745FCB-5AF4-467A-AF2C-448DCA0D3DB6}.Release|Any CPU.ActiveCfg = Release|Any CPU
		{76745FCB-5AF4-467A-AF2C-448DCA0D3DB6}.Release|Any CPU.Build.0 = Release|Any CPU
		{76745FCB-5AF4-467A-AF2C-448DCA0D3DB6}.Release|x64.ActiveCfg = Release|Any CPU
		{76745FCB-5AF4-467A-AF2C-448DCA0D3DB6}.Release|x86.ActiveCfg = Release|Any CPU
		{791AE0FE-ED54-489B-AF6E-E0265188BF80}.Debug|ARM.ActiveCfg = Debug|Any CPU
		{791AE0FE-ED54-489B-AF6E-E0265188BF80}.Debug|Any CPU.ActiveCfg = Debug|Any CPU
		{791AE0FE-ED54-489B-AF6E-E0265188BF80}.Debug|Any CPU.Build.0 = Debug|Any CPU
		{791AE0FE-ED54-489B-AF6E-E0265188BF80}.Debug|x64.ActiveCfg = Debug|Any CPU
		{791AE0FE-ED54-489B-AF6E-E0265188BF80}.Debug|x86.ActiveCfg = Debug|Any CPU
		{791AE0FE-ED54-489B-AF6E-E0265188BF80}.Release|ARM.ActiveCfg = Release|Any CPU
		{791AE0FE-ED54-489B-AF6E-E0265188BF80}.Release|Any CPU.ActiveCfg = Release|Any CPU
		{791AE0FE-ED54-489B-AF6E-E0265188BF80}.Release|Any CPU.Build.0 = Release|Any CPU
		{791AE0FE-ED54-489B-AF6E-E0265188BF80}.Release|x64.ActiveCfg = Release|Any CPU
		{791AE0FE-ED54-489B-AF6E-E0265188BF80}.Release|x86.ActiveCfg = Release|Any CPU
		{8303B3B9-9DC6-466E-89B7-7337156449B8}.Debug|ARM.ActiveCfg = Debug|Any CPU
		{8303B3B9-9DC6-466E-89B7-7337156449B8}.Debug|Any CPU.ActiveCfg = Debug|Any CPU
		{8303B3B9-9DC6-466E-89B7-7337156449B8}.Debug|Any CPU.Build.0 = Debug|Any CPU
		{8303B3B9-9DC6-466E-89B7-7337156449B8}.Debug|x64.ActiveCfg = Debug|Any CPU
		{8303B3B9-9DC6-466E-89B7-7337156449B8}.Debug|x86.ActiveCfg = Debug|Any CPU
		{8303B3B9-9DC6-466E-89B7-7337156449B8}.Release|ARM.ActiveCfg = Release|Any CPU
		{8303B3B9-9DC6-466E-89B7-7337156449B8}.Release|Any CPU.ActiveCfg = Release|Any CPU
		{8303B3B9-9DC6-466E-89B7-7337156449B8}.Release|Any CPU.Build.0 = Release|Any CPU
		{8303B3B9-9DC6-466E-89B7-7337156449B8}.Release|x64.ActiveCfg = Release|Any CPU
		{8303B3B9-9DC6-466E-89B7-7337156449B8}.Release|x86.ActiveCfg = Release|Any CPU
		{89B9FBC1-ECFC-4058-9A4B-7415A38CE7FE}.Debug|ARM.ActiveCfg = Debug|Any CPU
		{89B9FBC1-ECFC-4058-9A4B-7415A38CE7FE}.Debug|Any CPU.ActiveCfg = Debug|Any CPU
		{89B9FBC1-ECFC-4058-9A4B-7415A38CE7FE}.Debug|Any CPU.Build.0 = Debug|Any CPU
		{89B9FBC1-ECFC-4058-9A4B-7415A38CE7FE}.Debug|x64.ActiveCfg = Debug|Any CPU
		{89B9FBC1-ECFC-4058-9A4B-7415A38CE7FE}.Debug|x86.ActiveCfg = Debug|Any CPU
		{89B9FBC1-ECFC-4058-9A4B-7415A38CE7FE}.Release|ARM.ActiveCfg = Release|Any CPU
		{89B9FBC1-ECFC-4058-9A4B-7415A38CE7FE}.Release|Any CPU.ActiveCfg = Release|Any CPU
		{89B9FBC1-ECFC-4058-9A4B-7415A38CE7FE}.Release|Any CPU.Build.0 = Release|Any CPU
		{89B9FBC1-ECFC-4058-9A4B-7415A38CE7FE}.Release|x64.ActiveCfg = Release|Any CPU
		{89B9FBC1-ECFC-4058-9A4B-7415A38CE7FE}.Release|x86.ActiveCfg = Release|Any CPU
		{92850C78-648C-477B-8C1E-239B5FB1FD7C}.Debug|ARM.ActiveCfg = Debug|Any CPU
		{92850C78-648C-477B-8C1E-239B5FB1FD7C}.Debug|Any CPU.ActiveCfg = Debug|Any CPU
		{92850C78-648C-477B-8C1E-239B5FB1FD7C}.Debug|Any CPU.Build.0 = Debug|Any CPU
		{92850C78-648C-477B-8C1E-239B5FB1FD7C}.Debug|Any CPU.Deploy.0 = Debug|Any CPU
		{92850C78-648C-477B-8C1E-239B5FB1FD7C}.Debug|x64.ActiveCfg = Debug|Any CPU
		{92850C78-648C-477B-8C1E-239B5FB1FD7C}.Debug|x86.ActiveCfg = Debug|Any CPU
		{92850C78-648C-477B-8C1E-239B5FB1FD7C}.Release|ARM.ActiveCfg = Release|Any CPU
		{92850C78-648C-477B-8C1E-239B5FB1FD7C}.Release|Any CPU.ActiveCfg = Release|Any CPU
		{92850C78-648C-477B-8C1E-239B5FB1FD7C}.Release|Any CPU.Build.0 = Release|Any CPU
		{92850C78-648C-477B-8C1E-239B5FB1FD7C}.Release|Any CPU.Deploy.0 = Release|Any CPU
		{92850C78-648C-477B-8C1E-239B5FB1FD7C}.Release|x64.ActiveCfg = Release|Any CPU
		{92850C78-648C-477B-8C1E-239B5FB1FD7C}.Release|x86.ActiveCfg = Release|Any CPU
		{936EFDC2-98B0-4AF8-AEE7-9B469715C223}.Debug|ARM.ActiveCfg = Debug|Any CPU
		{936EFDC2-98B0-4AF8-AEE7-9B469715C223}.Debug|Any CPU.ActiveCfg = Debug|Any CPU
		{936EFDC2-98B0-4AF8-AEE7-9B469715C223}.Debug|Any CPU.Build.0 = Debug|Any CPU
		{936EFDC2-98B0-4AF8-AEE7-9B469715C223}.Debug|x64.ActiveCfg = Debug|Any CPU
		{936EFDC2-98B0-4AF8-AEE7-9B469715C223}.Debug|x86.ActiveCfg = Debug|Any CPU
		{936EFDC2-98B0-4AF8-AEE7-9B469715C223}.Release|ARM.ActiveCfg = Release|Any CPU
		{936EFDC2-98B0-4AF8-AEE7-9B469715C223}.Release|Any CPU.ActiveCfg = Release|Any CPU
		{936EFDC2-98B0-4AF8-AEE7-9B469715C223}.Release|Any CPU.Build.0 = Release|Any CPU
		{936EFDC2-98B0-4AF8-AEE7-9B469715C223}.Release|x64.ActiveCfg = Release|Any CPU
		{936EFDC2-98B0-4AF8-AEE7-9B469715C223}.Release|x86.ActiveCfg = Release|Any CPU
		{9EE3BA23-05BA-402A-A8B6-F3281C3F8B2C}.Debug|ARM.ActiveCfg = Debug|Any CPU
		{9EE3BA23-05BA-402A-A8B6-F3281C3F8B2C}.Debug|Any CPU.ActiveCfg = Debug|Any CPU
		{9EE3BA23-05BA-402A-A8B6-F3281C3F8B2C}.Debug|Any CPU.Build.0 = Debug|Any CPU
		{9EE3BA23-05BA-402A-A8B6-F3281C3F8B2C}.Debug|Any CPU.Deploy.0 = Debug|Any CPU
		{9EE3BA23-05BA-402A-A8B6-F3281C3F8B2C}.Debug|x64.ActiveCfg = Debug|Any CPU
		{9EE3BA23-05BA-402A-A8B6-F3281C3F8B2C}.Debug|x86.ActiveCfg = Debug|Any CPU
		{9EE3BA23-05BA-402A-A8B6-F3281C3F8B2C}.Release|ARM.ActiveCfg = Release|Any CPU
		{9EE3BA23-05BA-402A-A8B6-F3281C3F8B2C}.Release|Any CPU.ActiveCfg = Release|Any CPU
		{9EE3BA23-05BA-402A-A8B6-F3281C3F8B2C}.Release|Any CPU.Build.0 = Release|Any CPU
		{9EE3BA23-05BA-402A-A8B6-F3281C3F8B2C}.Release|Any CPU.Deploy.0 = Release|Any CPU
		{9EE3BA23-05BA-402A-A8B6-F3281C3F8B2C}.Release|x64.ActiveCfg = Release|Any CPU
		{9EE3BA23-05BA-402A-A8B6-F3281C3F8B2C}.Release|x86.ActiveCfg = Release|Any CPU
		{AB36E9BE-6E81-4385-8F28-FA6AAE0EDF5C}.Debug|ARM.ActiveCfg = Debug|ARM
		{AB36E9BE-6E81-4385-8F28-FA6AAE0EDF5C}.Debug|ARM.Build.0 = Debug|ARM
		{AB36E9BE-6E81-4385-8F28-FA6AAE0EDF5C}.Debug|ARM.Deploy.0 = Debug|ARM
		{AB36E9BE-6E81-4385-8F28-FA6AAE0EDF5C}.Debug|Any CPU.ActiveCfg = Debug|Any CPU
		{AB36E9BE-6E81-4385-8F28-FA6AAE0EDF5C}.Debug|Any CPU.Build.0 = Debug|Any CPU
		{AB36E9BE-6E81-4385-8F28-FA6AAE0EDF5C}.Debug|Any CPU.Deploy.0 = Debug|Any CPU
		{AB36E9BE-6E81-4385-8F28-FA6AAE0EDF5C}.Debug|x64.ActiveCfg = Debug|x64
		{AB36E9BE-6E81-4385-8F28-FA6AAE0EDF5C}.Debug|x64.Build.0 = Debug|x64
		{AB36E9BE-6E81-4385-8F28-FA6AAE0EDF5C}.Debug|x64.Deploy.0 = Debug|x64
		{AB36E9BE-6E81-4385-8F28-FA6AAE0EDF5C}.Debug|x86.ActiveCfg = Debug|x86
		{AB36E9BE-6E81-4385-8F28-FA6AAE0EDF5C}.Debug|x86.Build.0 = Debug|x86
		{AB36E9BE-6E81-4385-8F28-FA6AAE0EDF5C}.Debug|x86.Deploy.0 = Debug|x86
		{AB36E9BE-6E81-4385-8F28-FA6AAE0EDF5C}.Release|ARM.ActiveCfg = Release|ARM
		{AB36E9BE-6E81-4385-8F28-FA6AAE0EDF5C}.Release|ARM.Build.0 = Release|ARM
		{AB36E9BE-6E81-4385-8F28-FA6AAE0EDF5C}.Release|ARM.Deploy.0 = Release|ARM
		{AB36E9BE-6E81-4385-8F28-FA6AAE0EDF5C}.Release|Any CPU.ActiveCfg = Release|Any CPU
		{AB36E9BE-6E81-4385-8F28-FA6AAE0EDF5C}.Release|Any CPU.Build.0 = Release|Any CPU
		{AB36E9BE-6E81-4385-8F28-FA6AAE0EDF5C}.Release|Any CPU.Deploy.0 = Release|Any CPU
		{AB36E9BE-6E81-4385-8F28-FA6AAE0EDF5C}.Release|x64.ActiveCfg = Release|x64
		{AB36E9BE-6E81-4385-8F28-FA6AAE0EDF5C}.Release|x64.Build.0 = Release|x64
		{AB36E9BE-6E81-4385-8F28-FA6AAE0EDF5C}.Release|x64.Deploy.0 = Release|x64
		{AB36E9BE-6E81-4385-8F28-FA6AAE0EDF5C}.Release|x86.ActiveCfg = Release|x86
		{AB36E9BE-6E81-4385-8F28-FA6AAE0EDF5C}.Release|x86.Build.0 = Release|x86
		{AB36E9BE-6E81-4385-8F28-FA6AAE0EDF5C}.Release|x86.Deploy.0 = Release|x86
		{B47803C7-203F-4E9B-AF34-9A1E14810703}.Debug|ARM.ActiveCfg = Debug|Any CPU
		{B47803C7-203F-4E9B-AF34-9A1E14810703}.Debug|Any CPU.ActiveCfg = Debug|Any CPU
		{B47803C7-203F-4E9B-AF34-9A1E14810703}.Debug|Any CPU.Build.0 = Debug|Any CPU
		{B47803C7-203F-4E9B-AF34-9A1E14810703}.Debug|Any CPU.Deploy.0 = Debug|Any CPU
		{B47803C7-203F-4E9B-AF34-9A1E14810703}.Debug|x64.ActiveCfg = Debug|Any CPU
		{B47803C7-203F-4E9B-AF34-9A1E14810703}.Debug|x86.ActiveCfg = Debug|Any CPU
		{B47803C7-203F-4E9B-AF34-9A1E14810703}.Release|ARM.ActiveCfg = Release|Any CPU
		{B47803C7-203F-4E9B-AF34-9A1E14810703}.Release|Any CPU.ActiveCfg = Release|Any CPU
		{B47803C7-203F-4E9B-AF34-9A1E14810703}.Release|Any CPU.Build.0 = Release|Any CPU
		{B47803C7-203F-4E9B-AF34-9A1E14810703}.Release|Any CPU.Deploy.0 = Release|Any CPU
		{B47803C7-203F-4E9B-AF34-9A1E14810703}.Release|x64.ActiveCfg = Release|Any CPU
		{B47803C7-203F-4E9B-AF34-9A1E14810703}.Release|x86.ActiveCfg = Release|Any CPU
		{BA7E15BE-ABAA-4634-B26A-647BD6D2D427}.Debug|ARM.ActiveCfg = Debug|ARM
		{BA7E15BE-ABAA-4634-B26A-647BD6D2D427}.Debug|ARM.Build.0 = Debug|ARM
		{BA7E15BE-ABAA-4634-B26A-647BD6D2D427}.Debug|ARM.Deploy.0 = Debug|ARM
		{BA7E15BE-ABAA-4634-B26A-647BD6D2D427}.Debug|Any CPU.ActiveCfg = Debug|Any CPU
		{BA7E15BE-ABAA-4634-B26A-647BD6D2D427}.Debug|Any CPU.Build.0 = Debug|Any CPU
		{BA7E15BE-ABAA-4634-B26A-647BD6D2D427}.Debug|Any CPU.Deploy.0 = Debug|Any CPU
		{BA7E15BE-ABAA-4634-B26A-647BD6D2D427}.Debug|x64.ActiveCfg = Debug|x64
		{BA7E15BE-ABAA-4634-B26A-647BD6D2D427}.Debug|x64.Build.0 = Debug|x64
		{BA7E15BE-ABAA-4634-B26A-647BD6D2D427}.Debug|x64.Deploy.0 = Debug|x64
		{BA7E15BE-ABAA-4634-B26A-647BD6D2D427}.Debug|x86.ActiveCfg = Debug|x86
		{BA7E15BE-ABAA-4634-B26A-647BD6D2D427}.Debug|x86.Build.0 = Debug|x86
		{BA7E15BE-ABAA-4634-B26A-647BD6D2D427}.Debug|x86.Deploy.0 = Debug|x86
		{BA7E15BE-ABAA-4634-B26A-647BD6D2D427}.Release|ARM.ActiveCfg = Release|ARM
		{BA7E15BE-ABAA-4634-B26A-647BD6D2D427}.Release|ARM.Build.0 = Release|ARM
		{BA7E15BE-ABAA-4634-B26A-647BD6D2D427}.Release|ARM.Deploy.0 = Release|ARM
		{BA7E15BE-ABAA-4634-B26A-647BD6D2D427}.Release|Any CPU.ActiveCfg = Release|Any CPU
		{BA7E15BE-ABAA-4634-B26A-647BD6D2D427}.Release|Any CPU.Build.0 = Release|Any CPU
		{BA7E15BE-ABAA-4634-B26A-647BD6D2D427}.Release|Any CPU.Deploy.0 = Release|Any CPU
		{BA7E15BE-ABAA-4634-B26A-647BD6D2D427}.Release|x64.ActiveCfg = Release|x64
		{BA7E15BE-ABAA-4634-B26A-647BD6D2D427}.Release|x64.Build.0 = Release|x64
		{BA7E15BE-ABAA-4634-B26A-647BD6D2D427}.Release|x64.Deploy.0 = Release|x64
		{BA7E15BE-ABAA-4634-B26A-647BD6D2D427}.Release|x86.ActiveCfg = Release|x86
		{BA7E15BE-ABAA-4634-B26A-647BD6D2D427}.Release|x86.Build.0 = Release|x86
		{BA7E15BE-ABAA-4634-B26A-647BD6D2D427}.Release|x86.Deploy.0 = Release|x86
		{D096A608-78F5-4457-B556-D42AE9161CA2}.Debug|ARM.ActiveCfg = Debug|Any CPU
		{D096A608-78F5-4457-B556-D42AE9161CA2}.Debug|Any CPU.ActiveCfg = Debug|Any CPU
		{D096A608-78F5-4457-B556-D42AE9161CA2}.Debug|Any CPU.Build.0 = Debug|Any CPU
		{D096A608-78F5-4457-B556-D42AE9161CA2}.Debug|x64.ActiveCfg = Debug|Any CPU
		{D096A608-78F5-4457-B556-D42AE9161CA2}.Debug|x86.ActiveCfg = Debug|Any CPU
		{D096A608-78F5-4457-B556-D42AE9161CA2}.Release|ARM.ActiveCfg = Release|Any CPU
		{D096A608-78F5-4457-B556-D42AE9161CA2}.Release|Any CPU.ActiveCfg = Release|Any CPU
		{D096A608-78F5-4457-B556-D42AE9161CA2}.Release|Any CPU.Build.0 = Release|Any CPU
		{D096A608-78F5-4457-B556-D42AE9161CA2}.Release|x64.ActiveCfg = Release|Any CPU
		{D096A608-78F5-4457-B556-D42AE9161CA2}.Release|x86.ActiveCfg = Release|Any CPU
		{E03D5A86-2988-4C43-906D-9760BD1C6C40}.Debug|ARM.ActiveCfg = Debug|Any CPU
		{E03D5A86-2988-4C43-906D-9760BD1C6C40}.Debug|Any CPU.ActiveCfg = Debug|Any CPU
		{E03D5A86-2988-4C43-906D-9760BD1C6C40}.Debug|Any CPU.Build.0 = Debug|Any CPU
		{E03D5A86-2988-4C43-906D-9760BD1C6C40}.Debug|Any CPU.Deploy.0 = Debug|Any CPU
		{E03D5A86-2988-4C43-906D-9760BD1C6C40}.Debug|x64.ActiveCfg = Debug|Any CPU
		{E03D5A86-2988-4C43-906D-9760BD1C6C40}.Debug|x86.ActiveCfg = Debug|Any CPU
		{E03D5A86-2988-4C43-906D-9760BD1C6C40}.Release|ARM.ActiveCfg = Release|Any CPU
		{E03D5A86-2988-4C43-906D-9760BD1C6C40}.Release|Any CPU.ActiveCfg = Release|Any CPU
		{E03D5A86-2988-4C43-906D-9760BD1C6C40}.Release|Any CPU.Build.0 = Release|Any CPU
		{E03D5A86-2988-4C43-906D-9760BD1C6C40}.Release|Any CPU.Deploy.0 = Release|Any CPU
		{E03D5A86-2988-4C43-906D-9760BD1C6C40}.Release|x64.ActiveCfg = Release|Any CPU
		{E03D5A86-2988-4C43-906D-9760BD1C6C40}.Release|x86.ActiveCfg = Release|Any CPU
		{E7A8F8FF-062E-4A2D-B3D0-0EDA589C8352}.Debug|ARM.ActiveCfg = Debug|Any CPU
		{E7A8F8FF-062E-4A2D-B3D0-0EDA589C8352}.Debug|Any CPU.ActiveCfg = Debug|Any CPU
		{E7A8F8FF-062E-4A2D-B3D0-0EDA589C8352}.Debug|Any CPU.Build.0 = Debug|Any CPU
		{E7A8F8FF-062E-4A2D-B3D0-0EDA589C8352}.Debug|Any CPU.Deploy.0 = Debug|Any CPU
		{E7A8F8FF-062E-4A2D-B3D0-0EDA589C8352}.Debug|x64.ActiveCfg = Debug|Any CPU
		{E7A8F8FF-062E-4A2D-B3D0-0EDA589C8352}.Debug|x86.ActiveCfg = Debug|Any CPU
		{E7A8F8FF-062E-4A2D-B3D0-0EDA589C8352}.Release|ARM.ActiveCfg = Release|Any CPU
		{E7A8F8FF-062E-4A2D-B3D0-0EDA589C8352}.Release|Any CPU.ActiveCfg = Release|Any CPU
		{E7A8F8FF-062E-4A2D-B3D0-0EDA589C8352}.Release|Any CPU.Build.0 = Release|Any CPU
		{E7A8F8FF-062E-4A2D-B3D0-0EDA589C8352}.Release|Any CPU.Deploy.0 = Release|Any CPU
		{E7A8F8FF-062E-4A2D-B3D0-0EDA589C8352}.Release|x64.ActiveCfg = Release|Any CPU
		{E7A8F8FF-062E-4A2D-B3D0-0EDA589C8352}.Release|x86.ActiveCfg = Release|Any CPU
		{ECC14E8A-5A13-43A5-952A-E8778C3305C4}.Debug|ARM.ActiveCfg = Debug|Any CPU
		{ECC14E8A-5A13-43A5-952A-E8778C3305C4}.Debug|Any CPU.ActiveCfg = Debug|Any CPU
		{ECC14E8A-5A13-43A5-952A-E8778C3305C4}.Debug|Any CPU.Build.0 = Debug|Any CPU
		{ECC14E8A-5A13-43A5-952A-E8778C3305C4}.Debug|x64.ActiveCfg = Debug|Any CPU
		{ECC14E8A-5A13-43A5-952A-E8778C3305C4}.Debug|x86.ActiveCfg = Debug|Any CPU
		{ECC14E8A-5A13-43A5-952A-E8778C3305C4}.Release|ARM.ActiveCfg = Release|Any CPU
		{ECC14E8A-5A13-43A5-952A-E8778C3305C4}.Release|Any CPU.ActiveCfg = Release|Any CPU
		{ECC14E8A-5A13-43A5-952A-E8778C3305C4}.Release|Any CPU.Build.0 = Release|Any CPU
		{ECC14E8A-5A13-43A5-952A-E8778C3305C4}.Release|x64.ActiveCfg = Release|Any CPU
		{ECC14E8A-5A13-43A5-952A-E8778C3305C4}.Release|x86.ActiveCfg = Release|Any CPU
		{EF68ECE6-89CA-40AC-ACF3-5C7F63627907}.Debug|ARM.ActiveCfg = Debug|Any CPU
		{EF68ECE6-89CA-40AC-ACF3-5C7F63627907}.Debug|Any CPU.ActiveCfg = Debug|Any CPU
		{EF68ECE6-89CA-40AC-ACF3-5C7F63627907}.Debug|Any CPU.Build.0 = Debug|Any CPU
		{EF68ECE6-89CA-40AC-ACF3-5C7F63627907}.Debug|x64.ActiveCfg = Debug|Any CPU
		{EF68ECE6-89CA-40AC-ACF3-5C7F63627907}.Debug|x86.ActiveCfg = Debug|Any CPU
		{EF68ECE6-89CA-40AC-ACF3-5C7F63627907}.Release|ARM.ActiveCfg = Release|Any CPU
		{EF68ECE6-89CA-40AC-ACF3-5C7F63627907}.Release|Any CPU.ActiveCfg = Release|Any CPU
		{EF68ECE6-89CA-40AC-ACF3-5C7F63627907}.Release|Any CPU.Build.0 = Release|Any CPU
		{EF68ECE6-89CA-40AC-ACF3-5C7F63627907}.Release|x64.ActiveCfg = Release|Any CPU
		{EF68ECE6-89CA-40AC-ACF3-5C7F63627907}.Release|x86.ActiveCfg = Release|Any CPU
		{F328A58E-3066-432B-A77D-C7AB96399FBA}.Debug|ARM.ActiveCfg = Debug|Any CPU
		{F328A58E-3066-432B-A77D-C7AB96399FBA}.Debug|Any CPU.ActiveCfg = Debug|Any CPU
		{F328A58E-3066-432B-A77D-C7AB96399FBA}.Debug|Any CPU.Build.0 = Debug|Any CPU
		{F328A58E-3066-432B-A77D-C7AB96399FBA}.Debug|x64.ActiveCfg = Debug|Any CPU
		{F328A58E-3066-432B-A77D-C7AB96399FBA}.Debug|x86.ActiveCfg = Debug|Any CPU
		{F328A58E-3066-432B-A77D-C7AB96399FBA}.Release|ARM.ActiveCfg = Release|Any CPU
		{F328A58E-3066-432B-A77D-C7AB96399FBA}.Release|Any CPU.ActiveCfg = Release|Any CPU
		{F328A58E-3066-432B-A77D-C7AB96399FBA}.Release|Any CPU.Build.0 = Release|Any CPU
		{F328A58E-3066-432B-A77D-C7AB96399FBA}.Release|x64.ActiveCfg = Release|Any CPU
		{F328A58E-3066-432B-A77D-C7AB96399FBA}.Release|x86.ActiveCfg = Release|Any CPU
		{FB814FCF-C27C-415E-ADFA-F5679B5D9DD2}.Debug|ARM.ActiveCfg = Debug|Any CPU
		{FB814FCF-C27C-415E-ADFA-F5679B5D9DD2}.Debug|Any CPU.ActiveCfg = Debug|Any CPU
		{FB814FCF-C27C-415E-ADFA-F5679B5D9DD2}.Debug|Any CPU.Build.0 = Debug|Any CPU
		{FB814FCF-C27C-415E-ADFA-F5679B5D9DD2}.Debug|x64.ActiveCfg = Debug|Any CPU
		{FB814FCF-C27C-415E-ADFA-F5679B5D9DD2}.Debug|x86.ActiveCfg = Debug|Any CPU
		{FB814FCF-C27C-415E-ADFA-F5679B5D9DD2}.Release|ARM.ActiveCfg = Release|Any CPU
		{FB814FCF-C27C-415E-ADFA-F5679B5D9DD2}.Release|Any CPU.ActiveCfg = Release|Any CPU
		{FB814FCF-C27C-415E-ADFA-F5679B5D9DD2}.Release|Any CPU.Build.0 = Release|Any CPU
		{FB814FCF-C27C-415E-ADFA-F5679B5D9DD2}.Release|x64.ActiveCfg = Release|Any CPU
		{FB814FCF-C27C-415E-ADFA-F5679B5D9DD2}.Release|x86.ActiveCfg = Release|Any CPU
	EndGlobalSection
	GlobalSection(SolutionProperties) = preSolution
		HideSolutionNode = FALSE
	EndGlobalSection
	GlobalSection(NestedProjects) = preSolution
		{011EC80B-5DA5-409E-94F8-8CEE7B905DF7} = {6A04C81D-820C-4102-B939-748813E8EFBF}
		{03D91EE4-9F85-421D-AF38-7F4B03CF3446} = {9E9B13D2-6AE3-4359-85B7-519AB6C8C45F}
		{0A5A0EB5-B3C9-4A83-86D7-1CDFD6BDF816} = {34B1C474-3A06-4289-A0DC-523B97662F9E}
		{0AF11018-2DA9-4251-AD13-8FE9B5306049} = {99FFAAA5-5C29-4D07-8FBD-6E95F438455D}
		{12CBF5AC-FCDC-4477-9050-946D81030324} = {34B1C474-3A06-4289-A0DC-523B97662F9E}
		{16ED6547-13E8-41E5-8373-EAE1C56E19B2} = {D8DD47BF-2402-4AC9-B069-8FFFC3E2DFBB}
		{196866EA-B69C-4A30-B7D8-50EA9026F8F2} = {0AF11018-2DA9-4251-AD13-8FE9B5306049}
		{1C6B59FD-D842-4CAB-86EC-E93E0E5DF67C} = {D8DD47BF-2402-4AC9-B069-8FFFC3E2DFBB}
		{1EA06DC8-7251-4998-8020-789367EE7CC3} = {6A04C81D-820C-4102-B939-748813E8EFBF}
		{251FECA7-17D8-4BA3-BE58-338C42795638} = {6A04C81D-820C-4102-B939-748813E8EFBF}
		{2C7D80E1-B443-4B40-99CC-0FB36D178023} = {011EC80B-5DA5-409E-94F8-8CEE7B905DF7}
		{2D3091D1-4342-4561-8A92-532B8B6EF28E} = {011EC80B-5DA5-409E-94F8-8CEE7B905DF7}
		{306B2A40-7C78-41DB-B27B-72243D3B05D4} = {9A3E2A6A-2E59-4C39-978D-70A6E9F28472}
		{3298BF84-E4E0-4436-9107-4695C9FCC05A} = {6A04C81D-820C-4102-B939-748813E8EFBF}
		{34B1C474-3A06-4289-A0DC-523B97662F9E} = {6A04C81D-820C-4102-B939-748813E8EFBF}
		{34B2A275-494E-411E-8B6C-27EB400D0780} = {D8DD47BF-2402-4AC9-B069-8FFFC3E2DFBB}
		{34C64490-06E8-4C7B-88E1-1BCB9CA45656} = {7988F27B-02E3-4DF0-BFF8-120513841C6E}
		{350EF1C7-2801-40FF-A314-64F166020856} = {93C24609-59B0-4824-B239-A7668887416E}
		{373B6FA1-D9A2-42E2-B9CC-D6D4BE0E36A5} = {93C24609-59B0-4824-B239-A7668887416E}
		{39DD35FF-D7D5-4400-BDD2-F3E68CEBE3F6} = {D8DD47BF-2402-4AC9-B069-8FFFC3E2DFBB}
		{3B303998-2B0D-4DFD-A001-18DD5F300F07} = {6A04C81D-820C-4102-B939-748813E8EFBF}
		{3C990735-DBA3-490A-8B74-D5CE2D459BEC} = {54D9DC3C-4BE7-40AB-8BDE-997DC8990DB5}
		{3F389AAB-BC93-4566-BFAA-ABDF54A35990} = {79257DB3-6E06-4B4F-9B32-EA91AEC80885}
		{3FFD648E-8BBA-42E9-B590-4A0F0EFA73C4} = {6A04C81D-820C-4102-B939-748813E8EFBF}
		{47B9BC46-CD10-4C05-ACB3-2CC24393218E} = {C544534E-00AA-441C-872B-AEBD4E1C64D3}
		{486A5009-C8BE-4DF1-86C6-CAA7B2249027} = {F62139C3-4A8F-4E8C-AEF9-90649A56B467}
		{53A00B4A-76C2-4435-8E79-9F07B002CA4D} = {FADD45CA-E61A-4C48-B101-641AFB2E21B0}
		{54D9DC3C-4BE7-40AB-8BDE-997DC8990DB5} = {99FFAAA5-5C29-4D07-8FBD-6E95F438455D}
		{5BB1836E-5DBD-49A0-AF88-123EE93106B6} = {54D9DC3C-4BE7-40AB-8BDE-997DC8990DB5}
		{677C50C5-24EB-404E-A883-ED5529D72EF2} = {7988F27B-02E3-4DF0-BFF8-120513841C6E}
		{68EA1B7C-EE36-4502-8318-F9643EC11683} = {3FFD648E-8BBA-42E9-B590-4A0F0EFA73C4}
		{6A04C81D-820C-4102-B939-748813E8EFBF} = {08811DB0-03F0-4204-A1D9-0FB468322D08}
		{722B08B5-69DC-4A27-AA55-1BE1ED592493} = {251FECA7-17D8-4BA3-BE58-338C42795638}
		{7335D766-A1F8-4F9C-9CFB-F423C23CD0F0} = {3FFD648E-8BBA-42E9-B590-4A0F0EFA73C4}
		{76745FCB-5AF4-467A-AF2C-448DCA0D3DB6} = {9E9B13D2-6AE3-4359-85B7-519AB6C8C45F}
		{791AE0FE-ED54-489B-AF6E-E0265188BF80} = {9A3E2A6A-2E59-4C39-978D-70A6E9F28472}
		{7988F27B-02E3-4DF0-BFF8-120513841C6E} = {6A04C81D-820C-4102-B939-748813E8EFBF}
		{8303B3B9-9DC6-466E-89B7-7337156449B8} = {0F66D8AA-523D-4F9A-9002-D36E4B933B90}
		{89B9FBC1-ECFC-4058-9A4B-7415A38CE7FE} = {FADD45CA-E61A-4C48-B101-641AFB2E21B0}
		{8CE2A43E-C3BB-42C4-A497-478221DE38E9} = {6A04C81D-820C-4102-B939-748813E8EFBF}
		{92850C78-648C-477B-8C1E-239B5FB1FD7C} = {C544534E-00AA-441C-872B-AEBD4E1C64D3}
		{936EFDC2-98B0-4AF8-AEE7-9B469715C223} = {3298BF84-E4E0-4436-9107-4695C9FCC05A}
		{93C24609-59B0-4824-B239-A7668887416E} = {6A04C81D-820C-4102-B939-748813E8EFBF}
		{99FFAAA5-5C29-4D07-8FBD-6E95F438455D} = {08811DB0-03F0-4204-A1D9-0FB468322D08}
		{9A3E2A6A-2E59-4C39-978D-70A6E9F28472} = {6A04C81D-820C-4102-B939-748813E8EFBF}
		{9E9B13D2-6AE3-4359-85B7-519AB6C8C45F} = {08811DB0-03F0-4204-A1D9-0FB468322D08}
		{9EE3BA23-05BA-402A-A8B6-F3281C3F8B2C} = {3298BF84-E4E0-4436-9107-4695C9FCC05A}
		{AB36E9BE-6E81-4385-8F28-FA6AAE0EDF5C} = {0F66D8AA-523D-4F9A-9002-D36E4B933B90}
		{B47803C7-203F-4E9B-AF34-9A1E14810703} = {3B303998-2B0D-4DFD-A001-18DD5F300F07}
		{BA7E15BE-ABAA-4634-B26A-647BD6D2D427} = {0AF11018-2DA9-4251-AD13-8FE9B5306049}
		{C459C5CE-96FE-4353-BC80-CBE4A3EA8D6C} = {D8DD47BF-2402-4AC9-B069-8FFFC3E2DFBB}
		{C544534E-00AA-441C-872B-AEBD4E1C64D3} = {6A04C81D-820C-4102-B939-748813E8EFBF}
		{D096A608-78F5-4457-B556-D42AE9161CA2} = {3B303998-2B0D-4DFD-A001-18DD5F300F07}
		{E03D5A86-2988-4C43-906D-9760BD1C6C40} = {1EA06DC8-7251-4998-8020-789367EE7CC3}
		{E7A8F8FF-062E-4A2D-B3D0-0EDA589C8352} = {8CE2A43E-C3BB-42C4-A497-478221DE38E9}
		{ECC14E8A-5A13-43A5-952A-E8778C3305C4} = {251FECA7-17D8-4BA3-BE58-338C42795638}
		{EF68ECE6-89CA-40AC-ACF3-5C7F63627907} = {8CE2A43E-C3BB-42C4-A497-478221DE38E9}
		{F328A58E-3066-432B-A77D-C7AB96399FBA} = {F62139C3-4A8F-4E8C-AEF9-90649A56B467}
		{F62139C3-4A8F-4E8C-AEF9-90649A56B467} = {6A04C81D-820C-4102-B939-748813E8EFBF}
		{F85083EC-DFC6-4A09-B269-7A0312C5FF26} = {D8DD47BF-2402-4AC9-B069-8FFFC3E2DFBB}
		{FADD45CA-E61A-4C48-B101-641AFB2E21B0} = {6A04C81D-820C-4102-B939-748813E8EFBF}
		{FB814FCF-C27C-415E-ADFA-F5679B5D9DD2} = {1EA06DC8-7251-4998-8020-789367EE7CC3}
	EndGlobalSection
EndGlobal
