
Microsoft Visual Studio Solution File, Format Version 12.00
# Visual Studio 2012
Project("{262852C6-CD72-467D-83FE-5EEB1973A190}") = "navigationTemplate", "navigationTemplate\navigationTemplate.jsproj", "{3C990735-DBA3-490A-8B74-D5CE2D459BEC}"
EndProject
Project("{FAE04EC0-301F-11D3-BF4B-00C04F79EFBC}") = "WebApp", "navigationTemplate\WebApp.csproj", "{5BB1836E-5DBD-49A0-AF88-123EE93106B6}"
EndProject
Global
	GlobalSection(SolutionConfigurationPlatforms) = preSolution
		Debug|ARM = Debug|ARM
		Debug|Any CPU = Debug|Any CPU
		Debug|x64 = Debug|x64
		Debug|x86 = Debug|x86
		Release|ARM = Release|ARM
		Release|Any CPU = Release|Any CPU
		Release|x64 = Release|x64
		Release|x86 = Release|x86
	EndGlobalSection
	GlobalSection(ProjectConfigurationPlatforms) = postSolution
		{3C990735-DBA3-490A-8B74-D5CE2D459BEC}.Debug|ARM.ActiveCfg = Debug|ARM
		{3C990735-DBA3-490A-8B74-D5CE2D459BEC}.Debug|ARM.Build.0 = Debug|ARM
		{3C990735-DBA3-490A-8B74-D5CE2D459BEC}.Debug|ARM.Deploy.0 = Debug|ARM
		{3C990735-DBA3-490A-8B74-D5CE2D459BEC}.Debug|Any CPU.ActiveCfg = Debug|Any CPU
		{3C990735-DBA3-490A-8B74-D5CE2D459BEC}.Debug|Any CPU.Build.0 = Debug|Any CPU
		{3C990735-DBA3-490A-8B74-D5CE2D459BEC}.Debug|Any CPU.Deploy.0 = Debug|Any CPU
		{3C990735-DBA3-490A-8B74-D5CE2D459BEC}.Debug|x64.ActiveCfg = Debug|x64
		{3C990735-DBA3-490A-8B74-D5CE2D459BEC}.Debug|x64.Build.0 = Debug|x64
		{3C990735-DBA3-490A-8B74-D5CE2D459BEC}.Debug|x64.Deploy.0 = Debug|x64
		{3C990735-DBA3-490A-8B74-D5CE2D459BEC}.Debug|x86.ActiveCfg = Debug|x86
		{3C990735-DBA3-490A-8B74-D5CE2D459BEC}.Debug|x86.Build.0 = Debug|x86
		{3C990735-DBA3-490A-8B74-D5CE2D459BEC}.Debug|x86.Deploy.0 = Debug|x86
		{3C990735-DBA3-490A-8B74-D5CE2D459BEC}.Release|ARM.ActiveCfg = Release|ARM
		{3C990735-DBA3-490A-8B74-D5CE2D459BEC}.Release|ARM.Build.0 = Release|ARM
		{3C990735-DBA3-490A-8B74-D5CE2D459BEC}.Release|ARM.Deploy.0 = Release|ARM
		{3C990735-DBA3-490A-8B74-D5CE2D459BEC}.Release|Any CPU.ActiveCfg = Release|Any CPU
		{3C990735-DBA3-490A-8B74-D5CE2D459BEC}.Release|Any CPU.Build.0 = Release|Any CPU
		{3C990735-DBA3-490A-8B74-D5CE2D459BEC}.Release|Any CPU.Deploy.0 = Release|Any CPU
		{3C990735-DBA3-490A-8B74-D5CE2D459BEC}.Release|x64.ActiveCfg = Release|x64
		{3C990735-DBA3-490A-8B74-D5CE2D459BEC}.Release|x64.Build.0 = Release|x64
		{3C990735-DBA3-490A-8B74-D5CE2D459BEC}.Release|x64.Deploy.0 = Release|x64
		{3C990735-DBA3-490A-8B74-D5CE2D459BEC}.Release|x86.ActiveCfg = Release|x86
		{3C990735-DBA3-490A-8B74-D5CE2D459BEC}.Release|x86.Build.0 = Release|x86
		{3C990735-DBA3-490A-8B74-D5CE2D459BEC}.Release|x86.Deploy.0 = Release|x86
		{5BB1836E-5DBD-49A0-AF88-123EE93106B6}.Debug|ARM.ActiveCfg = Debug|Any CPU
		{5BB1836E-5DBD-49A0-AF88-123EE93106B6}.Debug|Any CPU.ActiveCfg = Debug|Any CPU
		{5BB1836E-5DBD-49A0-AF88-123EE93106B6}.Debug|Any CPU.Build.0 = Debug|Any CPU
		{5BB1836E-5DBD-49A0-AF88-123EE93106B6}.Debug|x64.ActiveCfg = Debug|Any CPU
		{5BB1836E-5DBD-49A0-AF88-123EE93106B6}.Debug|x86.ActiveCfg = Debug|Any CPU
		{5BB1836E-5DBD-49A0-AF88-123EE93106B6}.Release|ARM.ActiveCfg = Release|Any CPU
		{5BB1836E-5DBD-49A0-AF88-123EE93106B6}.Release|Any CPU.ActiveCfg = Release|Any CPU
		{5BB1836E-5DBD-49A0-AF88-123EE93106B6}.Release|Any CPU.Build.0 = Release|Any CPU
		{5BB1836E-5DBD-49A0-AF88-123EE93106B6}.Release|x64.ActiveCfg = Release|Any CPU
		{5BB1836E-5DBD-49A0-AF88-123EE93106B6}.Release|x86.ActiveCfg = Release|Any CPU
	EndGlobalSection
	GlobalSection(SolutionProperties) = preSolution
		HideSolutionNode = FALSE
	EndGlobalSection
EndGlobal
